// !$*UTF8*$!
{
	archiveVersion = 1;
	classes = {
	};
	objectVersion = 46;
	objects = {
		37E967815671C65B70CBA379 = {
			isa = PBXBuildFile;
			fileRef = 687DECDED891B36962ED5AE2;
		};
		325005647AF3C4DF216D8A7C = {
			isa = PBXBuildFile;
			fileRef = EA520AC49959793ADACC3194;
		};
		423CEB7F190556DE085C9228 = {
			isa = PBXBuildFile;
			fileRef = 97895BF032EEDABEA43B2C1A;
		};
		1CFD020DC882224D355751B0 = {
			isa = PBXBuildFile;
			fileRef = 1598CC54D763F8344BFE76FD;
		};
		B97518B608CF0836BF15AC93 = {
			isa = PBXBuildFile;
			fileRef = DD43344969BBFE3434E9DDCB;
		};
		CD3234C0FE3B695AD8DE2BBB = {
			isa = PBXBuildFile;
			fileRef = 6494207D1134F384A2C7920F;
		};
		8658F4C1949DEA19D1402634 = {
			isa = PBXBuildFile;
			fileRef = 414A63279B203B8B1104832B;
		};
		18667270B9F730BEBE25A4C9 = {
			isa = PBXBuildFile;
			fileRef = D689398483F4AB225FB66F5C;
		};
		E89E4206942716A18BFAE5F9 = {
			isa = PBXBuildFile;
			fileRef = 7061547F62C3F4518C58963F;
		};
		D5E5F41CF05787822BF41E47 = {
			isa = PBXBuildFile;
			fileRef = 4C15368B1F61CFC7638D9159;
		};
		8E80209CA4CA77D33FD56DB8 = {
			isa = PBXBuildFile;
			fileRef = 51E1278A58894F0C64E4820A;
		};
		21876F461105470402843DA6 = {
			isa = PBXBuildFile;
			fileRef = 5D2589AAF4721655B9624768;
		};
		9DB2CF0FD4ACAC3AA5161A90 = {
			isa = PBXBuildFile;
			fileRef = 8BC13D59EED9E0F21B8EA0B7;
		};
		02CA477DB8FEF989939CB9C0 = {
			isa = PBXBuildFile;
			fileRef = FC08FF1E16E1AD1CB6F48489;
		};
		40737F32E2B38EBD05F8A222 = {
			isa = PBXBuildFile;
			fileRef = E64AAFED69C45DB38F7629D2;
		};
		B152135B920E112AA779EB0F = {
			isa = PBXBuildFile;
			fileRef = 7F9B26C67E593D97D3896CC4;
		};
		5DCEF7D9750F0E4387194143 = {
			isa = PBXBuildFile;
			fileRef = 19D11DF804AB952781F879FE;
		};
		3A6FFEAB3A0732ACF8579D04 = {
			isa = PBXBuildFile;
			fileRef = B1078A20898D3395B1673B2D;
		};
		6F3655984EDA8EE906C1B9DE = {
			isa = PBXBuildFile;
			fileRef = C12C037DAEA4A288BC2A2BA7;
		};
		BF29E5C91D3230458F6448CE = {
			isa = PBXBuildFile;
			fileRef = B74C8ED45236DEDDF70C01D2;
		};
		2D158060A9F196E0F3659196 = {
			isa = PBXBuildFile;
			fileRef = 368C00B5E7FB5F1A79600036;
		};
		EAB8A66ADD294FEB73F67E7F = {
			isa = PBXBuildFile;
			fileRef = C034E789FB958546908154ED;
		};
		9B11894CA10069F02E2A5838 = {
			isa = PBXBuildFile;
			fileRef = 50700B8FF355F7BEBFA4CB43;
		};
		9AB8F960FAED5A8E9045D76A = {
			isa = PBXBuildFile;
			fileRef = A7D590AE4385737B20A7E026;
		};
		063DB9739729CDF44DFAF06F = {
			isa = PBXBuildFile;
			fileRef = 6625F1D3504E2B8B8D77990F;
		};
		70A2205A36171096B61F3340 = {
			isa = PBXBuildFile;
			fileRef = D5A15842603B7120BAA0B1BF;
		};
		1843C131D9106BEB31FA5034 = {
			isa = PBXBuildFile;
			fileRef = 6041935EDF7E921E840FF4CB;
		};
		7BAFA7E193C8210B85AFB6D4 = {
			isa = PBXBuildFile;
			fileRef = 375F48DE4C000355DF853047;
		};
		83BE56642CA6C4543B80D8E2 = {
			isa = PBXBuildFile;
			fileRef = 3DDE26E374D39DCEAD2105E4;
		};
		26717396EAAD1CA9C272E6DA = {
			isa = PBXBuildFile;
			fileRef = 950253845CC9E01C07BCA328;
		};
		ACD6E23DCC6ED84671FD162E = {
			isa = PBXBuildFile;
			fileRef = 008C1903CF6C1825AAA95DED;
		};
		D4B2840081C3AAB8D4AF7E9F = {
			isa = PBXBuildFile;
			fileRef = A1F597ECB156A8F75CE0686B;
		};
		F72A1B6A09617646F3941743 = {
			isa = PBXBuildFile;
			fileRef = ABC803AB9F9B27AF7C524555;
		};
		D47B974D8EB5B1AF8220F2C7 = {
			isa = PBXBuildFile;
			fileRef = FBA69F6726910D04DCF8C41E;
		};
		E1A93D8FD3B2E7AC6984FA81 = {
			isa = PBXBuildFile;
			fileRef = 74CE8BE52A443BA307CAEC68;
		};
		8D2CD05B3AB1991DA0E51082 = {
			isa = PBXBuildFile;
			fileRef = 275F34B751B72EB2881F03B8;
		};
		279E8C46DAB28E4E67794ACC = {
			isa = PBXBuildFile;
			fileRef = C015BD0733F6676AF7A34B53;
		};
		FEBBCFAD20AA3F353D60FC40 = {
			isa = PBXBuildFile;
			fileRef = 2B0D59C08F97FD6B9E883D35;
		};
		87A831AF4E937B00B56A2AA7 = {
			isa = PBXBuildFile;
			fileRef = C2DCCC20E89F6D7ACD74D89F;
		};
		6533D5DDAA405307CFA8D0A4 = {
			isa = PBXBuildFile;
			fileRef = 5B0E1576A776FDC77575E932;
		};
		1ADC248A91D170D3425E6E81 = {
			isa = PBXBuildFile;
			fileRef = AC7B25AA77BAD580C0A72A6A;
		};
		7BD85DEA76FAE6C785001DED = {
			isa = PBXBuildFile;
			fileRef = B26AA1E369AD8E5905D1EB62;
		};
		97D2E53D811260E6EBF4F695 = {
			isa = PBXBuildFile;
			fileRef = 5211421C16391A6DF2BCBD30;
		};
		008C1903CF6C1825AAA95DED = {
			isa = PBXFileReference;
			lastKnownFileType = sourcecode.cpp.objcpp;
			name = "include_juce_audio_plugin_client_AU_2.mm";
			path = "../../JuceLibraryCode/include_juce_audio_plugin_client_AU_2.mm";
			sourceTree = "SOURCE_ROOT";
		};
		0FA190E83A11E02A27C6B522 = {
			isa = PBXFileReference;
			lastKnownFileType = file;
			name = "juce_audio_formats";
			path = "/Users/ptumulty/Applications/JUCE/modules/juce_audio_formats";
			sourceTree = "<absolute>";
		};
		1721232F96AFE6D20D8BB50F = {
			isa = PBXFileReference;
			lastKnownFileType = file;
			name = "juce_audio_plugin_client";
			path = "/Users/ptumulty/Applications/JUCE/modules/juce_audio_plugin_client";
			sourceTree = "<absolute>";
		};
		183C1C29CA57E86C23A6AD4C = {
			isa = PBXFileReference;
			lastKnownFileType = text.plist.xml;
			name = "Info-AU.plist";
			path = "Info-AU.plist";
			sourceTree = "SOURCE_ROOT";
		};
		19D11DF804AB952781F879FE = {
			isa = PBXFileReference;
			lastKnownFileType = wrapper.framework;
			name = WebKit.framework;
			path = System/Library/Frameworks/WebKit.framework;
			sourceTree = SDKROOT;
		};
		24865DE9C78B590BC4051929 = {
			isa = PBXFileReference;
			lastKnownFileType = file;
			name = "juce_audio_devices";
			path = "/Users/ptumulty/Applications/JUCE/modules/juce_audio_devices";
			sourceTree = "<absolute>";
		};
		275F34B751B72EB2881F03B8 = {
			isa = PBXFileReference;
			lastKnownFileType = sourcecode.cpp.objcpp;
			name = "include_juce_audio_processors.mm";
			path = "../../JuceLibraryCode/include_juce_audio_processors.mm";
			sourceTree = "SOURCE_ROOT";
		};
		2B0D59C08F97FD6B9E883D35 = {
			isa = PBXFileReference;
			lastKnownFileType = sourcecode.cpp.objcpp;
			name = "include_juce_core.mm";
			path = "../../JuceLibraryCode/include_juce_core.mm";
			sourceTree = "SOURCE_ROOT";
		};
		368C00B5E7FB5F1A79600036 = {
			isa = PBXFileReference;
			lastKnownFileType = sourcecode.cpp.cpp;
			name = PluginEditor.cpp;
			path = ../../Source/PluginEditor.cpp;
			sourceTree = "SOURCE_ROOT";
		};
		375F48DE4C000355DF853047 = {
			isa = PBXFileReference;
			lastKnownFileType = sourcecode.cpp.objcpp;
			name = "include_juce_audio_formats.mm";
			path = "../../JuceLibraryCode/include_juce_audio_formats.mm";
			sourceTree = "SOURCE_ROOT";
		};
		39DE7867EB9E5BFFAF3AA0E9 = {
			isa = PBXFileReference;
			lastKnownFileType = file;
			name = "juce_data_structures";
			path = "/Users/ptumulty/Applications/JUCE/modules/juce_data_structures";
			sourceTree = "<absolute>";
		};
		3B8AA311117687CF7F8530D9 = {
			isa = PBXFileReference;
			lastKnownFileType = sourcecode.c.h;
			name = "Conjure_ControlPanel.h";
			path = "../../Source/Conjure_ControlPanel.h";
			sourceTree = "SOURCE_ROOT";
		};
		3DDE26E374D39DCEAD2105E4 = {
			isa = PBXFileReference;
			lastKnownFileType = file.r;
			name = "include_juce_audio_plugin_client_AU.r";
			path = "../../JuceLibraryCode/include_juce_audio_plugin_client_AU.r";
			sourceTree = "SOURCE_ROOT";
		};
		414A63279B203B8B1104832B = {
			isa = PBXFileReference;
			lastKnownFileType = wrapper.framework;
			name = AudioToolbox.framework;
			path = System/Library/Frameworks/AudioToolbox.framework;
			sourceTree = SDKROOT;
		};
		41933F36871CF70926D5967B = {
			isa = PBXFileReference;
			lastKnownFileType = sourcecode.c.h;
			name = BinaryData.h;
			path = ../../JuceLibraryCode/BinaryData.h;
			sourceTree = "SOURCE_ROOT";
		};
		4C15368B1F61CFC7638D9159 = {
			isa = PBXFileReference;
			lastKnownFileType = wrapper.framework;
			name = CoreAudio.framework;
			path = System/Library/Frameworks/CoreAudio.framework;
			sourceTree = SDKROOT;
		};
		50700B8FF355F7BEBFA4CB43 = {
			isa = PBXFileReference;
			lastKnownFileType = sourcecode.cpp.cpp;
			name = "Conjure_MainPanel.cpp";
			path = "../../Source/Conjure_MainPanel.cpp";
			sourceTree = "SOURCE_ROOT";
		};
		51E1278A58894F0C64E4820A = {
			isa = PBXFileReference;
			lastKnownFileType = wrapper.framework;
			name = CoreAudioKit.framework;
			path = System/Library/Frameworks/CoreAudioKit.framework;
			sourceTree = SDKROOT;
		};
		5211421C16391A6DF2BCBD30 = {
			isa = PBXFileReference;
			lastKnownFileType = sourcecode.cpp.objcpp;
			name = "include_juce_gui_extra.mm";
			path = "../../JuceLibraryCode/include_juce_gui_extra.mm";
			sourceTree = "SOURCE_ROOT";
		};
		532025B35A2F7952378A867E = {
			isa = PBXFileReference;
			lastKnownFileType = file;
			name = "juce_audio_utils";
			path = "/Users/ptumulty/Applications/JUCE/modules/juce_audio_utils";
			sourceTree = "<absolute>";
		};
		5B0E1576A776FDC77575E932 = {
			isa = PBXFileReference;
			lastKnownFileType = sourcecode.cpp.objcpp;
			name = "include_juce_events.mm";
			path = "../../JuceLibraryCode/include_juce_events.mm";
			sourceTree = "SOURCE_ROOT";
		};
		5B2807AE10D92D8752E519BE = {
			isa = PBXFileReference;
			lastKnownFileType = sourcecode.c.h;
			name = PluginProcessor.h;
			path = ../../Source/PluginProcessor.h;
			sourceTree = "SOURCE_ROOT";
		};
		5D2589AAF4721655B9624768 = {
			isa = PBXFileReference;
			lastKnownFileType = wrapper.framework;
			name = CoreMIDI.framework;
			path = System/Library/Frameworks/CoreMIDI.framework;
			sourceTree = SDKROOT;
		};
		6041935EDF7E921E840FF4CB = {
			isa = PBXFileReference;
			lastKnownFileType = sourcecode.cpp.objcpp;
			name = "include_juce_audio_devices.mm";
			path = "../../JuceLibraryCode/include_juce_audio_devices.mm";
			sourceTree = "SOURCE_ROOT";
		};
		6494207D1134F384A2C7920F = {
			isa = PBXFileReference;
			lastKnownFileType = wrapper.framework;
			name = Accelerate.framework;
			path = System/Library/Frameworks/Accelerate.framework;
			sourceTree = SDKROOT;
		};
		6625F1D3504E2B8B8D77990F = {
			isa = PBXFileReference;
			lastKnownFileType = sourcecode.cpp.cpp;
			name = BinaryData.cpp;
			path = ../../JuceLibraryCode/BinaryData.cpp;
			sourceTree = "SOURCE_ROOT";
		};
		682FDA3F53EBF48FB4193DF4 = {
			isa = PBXFileReference;
			lastKnownFileType = file;
			name = "juce_events";
			path = "/Users/ptumulty/Applications/JUCE/modules/juce_events";
			sourceTree = "<absolute>";
		};
		687DECDED891B36962ED5AE2 = {
			isa = PBXFileReference;
			explicitFileType = wrapper.cfbundle;
			includeInIndex = 0;
			path = Conjure.vst3;
			sourceTree = "BUILT_PRODUCTS_DIR";
		};
		7061547F62C3F4518C58963F = {
			isa = PBXFileReference;
			lastKnownFileType = wrapper.framework;
			name = Cocoa.framework;
			path = System/Library/Frameworks/Cocoa.framework;
			sourceTree = SDKROOT;
		};
		74CE8BE52A443BA307CAEC68 = {
			isa = PBXFileReference;
			lastKnownFileType = sourcecode.cpp.cpp;
			name = "include_juce_audio_plugin_client_VST3.cpp";
			path = "../../JuceLibraryCode/include_juce_audio_plugin_client_VST3.cpp";
			sourceTree = "SOURCE_ROOT";
		};
		78F487B779132C8B95F146CF = {
			isa = PBXFileReference;
			lastKnownFileType = file;
			name = "juce_gui_extra";
			path = "/Users/ptumulty/Applications/JUCE/modules/juce_gui_extra";
			sourceTree = "<absolute>";
		};
		7F9B26C67E593D97D3896CC4 = {
			isa = PBXFileReference;
			lastKnownFileType = wrapper.framework;
			name = QuartzCore.framework;
			path = System/Library/Frameworks/QuartzCore.framework;
			sourceTree = SDKROOT;
		};
		88B1B806E2F6BFF703B7F7B4 = {
			isa = PBXFileReference;
			lastKnownFileType = file;
			name = "juce_core";
			path = "/Users/ptumulty/Applications/JUCE/modules/juce_core";
			sourceTree = "<absolute>";
		};
		8BC13D59EED9E0F21B8EA0B7 = {
			isa = PBXFileReference;
			lastKnownFileType = wrapper.framework;
			name = DiscRecording.framework;
			path = System/Library/Frameworks/DiscRecording.framework;
			sourceTree = SDKROOT;
		};
		942EA96EEC5EE41A1687482C = {
			isa = PBXFileReference;
			lastKnownFileType = sourcecode.c.h;
			name = "Conjure_KeyboardButtons.h";
			path = "../../Source/Conjure_KeyboardButtons.h";
			sourceTree = "SOURCE_ROOT";
		};
		9676B6E85575E98931AC2BB4 = {
			isa = PBXFileReference;
			lastKnownFileType = file;
			name = "juce_audio_processors";
			path = "/Users/ptumulty/Applications/JUCE/modules/juce_audio_processors";
			sourceTree = "<absolute>";
		};
		968F6AA28AAD9A3F6FB869E9 = {
			isa = PBXFileReference;
			lastKnownFileType = sourcecode.c.h;
			name = "Conjure_MainPanel.h";
			path = "../../Source/Conjure_MainPanel.h";
			sourceTree = "SOURCE_ROOT";
		};
		9C1B96E7206398477FE7CAA4 = {
			isa = PBXFileReference;
			lastKnownFileType = file;
			name = "juce_audio_basics";
			path = "/Users/ptumulty/Applications/JUCE/modules/juce_audio_basics";
			sourceTree = "<absolute>";
		};
		A7D590AE4385737B20A7E026 = {
			isa = PBXFileReference;
			lastKnownFileType = sourcecode.cpp.cpp;
			name = "Conjure_MidiProcessor.cpp";
			path = "../../Source/Conjure_MidiProcessor.cpp";
			sourceTree = "SOURCE_ROOT";
		};
		AC7B25AA77BAD580C0A72A6A = {
			isa = PBXFileReference;
			lastKnownFileType = sourcecode.cpp.objcpp;
			name = "include_juce_graphics.mm";
			path = "../../JuceLibraryCode/include_juce_graphics.mm";
			sourceTree = "SOURCE_ROOT";
		};
		B74C8ED45236DEDDF70C01D2 = {
			isa = PBXFileReference;
			lastKnownFileType = sourcecode.cpp.cpp;
			name = PluginProcessor.cpp;
			path = ../../Source/PluginProcessor.cpp;
			sourceTree = "SOURCE_ROOT";
		};
		BF9B8A946CDC9759F4C063ED = {
			isa = PBXFileReference;
			lastKnownFileType = image.png;
			name = "Conjure_Background@4x.png";
			path = "../../Assets/Conjure_Background@4x.png";
			sourceTree = "SOURCE_ROOT";
		};
		D689398483F4AB225FB66F5C = {
			isa = PBXFileReference;
			lastKnownFileType = wrapper.framework;
			name = Carbon.framework;
			path = System/Library/Frameworks/Carbon.framework;
			sourceTree = SDKROOT;
		};
		EA520AC49959793ADACC3194 = {
			isa = PBXFileReference;
			explicitFileType = wrapper.cfbundle;
			includeInIndex = 0;
			path = Conjure.component;
			sourceTree = "BUILT_PRODUCTS_DIR";
		};
		97895BF032EEDABEA43B2C1A = {
			isa = PBXFileReference;
			explicitFileType = wrapper.application;
			includeInIndex = 0;
			path = Conjure.app;
			sourceTree = "BUILT_PRODUCTS_DIR";
		};
		1598CC54D763F8344BFE76FD = {
			isa = PBXFileReference;
			explicitFileType = archive.ar;
			includeInIndex = 0;
			path = libConjure.a;
			sourceTree = "BUILT_PRODUCTS_DIR";
		};
		855A2B3C34C61E1C60521A0C = {
			isa = PBXFileReference;
			lastKnownFileType = text.plist.xml;
			name = "Info-Standalone_Plugin.plist";
			path = "Info-Standalone_Plugin.plist";
			sourceTree = "SOURCE_ROOT";
		};
		950253845CC9E01C07BCA328 = {
			isa = PBXFileReference;
			lastKnownFileType = sourcecode.cpp.objcpp;
			name = "include_juce_audio_plugin_client_AU_1.mm";
			path = "../../JuceLibraryCode/include_juce_audio_plugin_client_AU_1.mm";
			sourceTree = "SOURCE_ROOT";
		};
		A1F597ECB156A8F75CE0686B = {
			isa = PBXFileReference;
			lastKnownFileType = sourcecode.cpp.cpp;
			name = "include_juce_audio_plugin_client_Standalone.cpp";
			path = "../../JuceLibraryCode/include_juce_audio_plugin_client_Standalone.cpp";
			sourceTree = "SOURCE_ROOT";
		};
		ABC803AB9F9B27AF7C524555 = {
			isa = PBXFileReference;
			lastKnownFileType = sourcecode.cpp.cpp;
			name = "include_juce_audio_plugin_client_utils.cpp";
			path = "../../JuceLibraryCode/include_juce_audio_plugin_client_utils.cpp";
			sourceTree = "SOURCE_ROOT";
		};
		B1078A20898D3395B1673B2D = {
			isa = PBXFileReference;
			lastKnownFileType = file.nib;
			name = RecentFilesMenuTemplate.nib;
			path = RecentFilesMenuTemplate.nib;
			sourceTree = "SOURCE_ROOT";
		};
		B26AA1E369AD8E5905D1EB62 = {
			isa = PBXFileReference;
			lastKnownFileType = sourcecode.cpp.objcpp;
			name = "include_juce_gui_basics.mm";
			path = "../../JuceLibraryCode/include_juce_gui_basics.mm";
			sourceTree = "SOURCE_ROOT";
		};
		B54B96661B886B59EA2F392D = {
			isa = PBXFileReference;
			lastKnownFileType = image.png;
			name = "Conjure_BackgroundV2@4x.png";
			path = "../../Assets/Conjure_BackgroundV2@4x.png";
			sourceTree = "SOURCE_ROOT";
		};
		BA95E6E79D8AFD20703F1E74 = {
			isa = PBXFileReference;
			lastKnownFileType = file;
			name = "juce_gui_basics";
			path = "/Users/ptumulty/Applications/JUCE/modules/juce_gui_basics";
			sourceTree = "<absolute>";
		};
		BD8578FACC4EF6F89D8147D5 = {
			isa = PBXFileReference;
			lastKnownFileType = sourcecode.c.h;
			name = JuceHeader.h;
			path = ../../JuceLibraryCode/JuceHeader.h;
			sourceTree = "SOURCE_ROOT";
		};
		C015BD0733F6676AF7A34B53 = {
			isa = PBXFileReference;
			lastKnownFileType = sourcecode.cpp.objcpp;
			name = "include_juce_audio_utils.mm";
			path = "../../JuceLibraryCode/include_juce_audio_utils.mm";
			sourceTree = "SOURCE_ROOT";
		};
		C034E789FB958546908154ED = {
			isa = PBXFileReference;
			lastKnownFileType = sourcecode.cpp.cpp;
			name = "Conjure_KeyboardButtons.cpp";
			path = "../../Source/Conjure_KeyboardButtons.cpp";
			sourceTree = "SOURCE_ROOT";
		};
		C12C037DAEA4A288BC2A2BA7 = {
			isa = PBXFileReference;
			lastKnownFileType = sourcecode.cpp.cpp;
			name = "Conjure_ControlPanel.cpp";
			path = "../../Source/Conjure_ControlPanel.cpp";
			sourceTree = "SOURCE_ROOT";
		};
		C13CD11EF0AA6BF87CA13F24 = {
			isa = PBXFileReference;
			lastKnownFileType = file;
			name = "juce_graphics";
			path = "/Users/ptumulty/Applications/JUCE/modules/juce_graphics";
			sourceTree = "<absolute>";
		};
		C2DCCC20E89F6D7ACD74D89F = {
			isa = PBXFileReference;
			lastKnownFileType = sourcecode.cpp.objcpp;
			name = "include_juce_data_structures.mm";
			path = "../../JuceLibraryCode/include_juce_data_structures.mm";
			sourceTree = "SOURCE_ROOT";
		};
		CC80D86FB18E3332C37019C9 = {
			isa = PBXFileReference;
			lastKnownFileType = sourcecode.c.h;
			name = PluginEditor.h;
			path = ../../Source/PluginEditor.h;
			sourceTree = "SOURCE_ROOT";
		};
		CD992799BB9E465D958D89F2 = {
			isa = PBXFileReference;
			lastKnownFileType = text.plist.xml;
			name = "Info-VST3.plist";
			path = "Info-VST3.plist";
			sourceTree = "SOURCE_ROOT";
		};
		D5A15842603B7120BAA0B1BF = {
			isa = PBXFileReference;
			lastKnownFileType = sourcecode.cpp.objcpp;
			name = "include_juce_audio_basics.mm";
			path = "../../JuceLibraryCode/include_juce_audio_basics.mm";
			sourceTree = "SOURCE_ROOT";
		};
		DD43344969BBFE3434E9DDCB = {
			isa = PBXFileReference;
			lastKnownFileType = wrapper.framework;
			name = AudioUnit.framework;
			path = System/Library/Frameworks/AudioUnit.framework;
			sourceTree = SDKROOT;
		};
		E2EBE61559DD2720DD2D7457 = {
			isa = PBXFileReference;
			lastKnownFileType = sourcecode.c.h;
			name = JucePluginDefines.h;
			path = ../../JuceLibraryCode/JucePluginDefines.h;
			sourceTree = "SOURCE_ROOT";
		};
		E64AAFED69C45DB38F7629D2 = {
			isa = PBXFileReference;
			lastKnownFileType = wrapper.framework;
			name = IOKit.framework;
			path = System/Library/Frameworks/IOKit.framework;
			sourceTree = SDKROOT;
		};
		F15116FB9B2E5F5B1F3DA3A9 = {
			isa = PBXFileReference;
			lastKnownFileType = sourcecode.c.h;
			name = "Conjure_MidiProcessor.h";
			path = "../../Source/Conjure_MidiProcessor.h";
			sourceTree = "SOURCE_ROOT";
		};
		FBA69F6726910D04DCF8C41E = {
			isa = PBXFileReference;
			lastKnownFileType = sourcecode.cpp.objcpp;
			name = "include_juce_audio_plugin_client_VST_utils.mm";
			path = "../../JuceLibraryCode/include_juce_audio_plugin_client_VST_utils.mm";
			sourceTree = "SOURCE_ROOT";
		};
		FC08FF1E16E1AD1CB6F48489 = {
			isa = PBXFileReference;
			lastKnownFileType = wrapper.framework;
			name = Foundation.framework;
			path = System/Library/Frameworks/Foundation.framework;
			sourceTree = SDKROOT;
		};
		D1DB24B070FC5AE30B64BB4D = {
			isa = PBXGroup;
			children = (
				B54B96661B886B59EA2F392D,
				BF9B8A946CDC9759F4C063ED,
			);
			name = Assets;
			sourceTree = "<group>";
		};
		C457CE9F3BCFF3FD751EE239 = {
			isa = PBXGroup;
			children = (
				C12C037DAEA4A288BC2A2BA7,
				3B8AA311117687CF7F8530D9,
				B74C8ED45236DEDDF70C01D2,
				5B2807AE10D92D8752E519BE,
				368C00B5E7FB5F1A79600036,
				CC80D86FB18E3332C37019C9,
				C034E789FB958546908154ED,
				50700B8FF355F7BEBFA4CB43,
				A7D590AE4385737B20A7E026,
				F15116FB9B2E5F5B1F3DA3A9,
				968F6AA28AAD9A3F6FB869E9,
				942EA96EEC5EE41A1687482C,
			);
			name = Source;
			sourceTree = "<group>";
		};
		832375E208C137F3C20665AF = {
			isa = PBXGroup;
			children = (
				D1DB24B070FC5AE30B64BB4D,
				C457CE9F3BCFF3FD751EE239,
			);
			name = Conjure;
			sourceTree = "<group>";
		};
		091EAE81DFD4FDD33637153A = {
			isa = PBXGroup;
			children = (
				9C1B96E7206398477FE7CAA4,
				24865DE9C78B590BC4051929,
				0FA190E83A11E02A27C6B522,
				1721232F96AFE6D20D8BB50F,
				9676B6E85575E98931AC2BB4,
				532025B35A2F7952378A867E,
				88B1B806E2F6BFF703B7F7B4,
				39DE7867EB9E5BFFAF3AA0E9,
				682FDA3F53EBF48FB4193DF4,
				C13CD11EF0AA6BF87CA13F24,
				BA95E6E79D8AFD20703F1E74,
				78F487B779132C8B95F146CF,
			);
			name = "JUCE Modules";
			sourceTree = "<group>";
		};
		9192AB21C5C2F4F8A4F82790 = {
			isa = PBXGroup;
			children = (
				6625F1D3504E2B8B8D77990F,
				41933F36871CF70926D5967B,
				D5A15842603B7120BAA0B1BF,
				6041935EDF7E921E840FF4CB,
				375F48DE4C000355DF853047,
				3DDE26E374D39DCEAD2105E4,
				950253845CC9E01C07BCA328,
				008C1903CF6C1825AAA95DED,
				A1F597ECB156A8F75CE0686B,
				ABC803AB9F9B27AF7C524555,
				FBA69F6726910D04DCF8C41E,
				74CE8BE52A443BA307CAEC68,
				275F34B751B72EB2881F03B8,
				C015BD0733F6676AF7A34B53,
				2B0D59C08F97FD6B9E883D35,
				C2DCCC20E89F6D7ACD74D89F,
				5B0E1576A776FDC77575E932,
				AC7B25AA77BAD580C0A72A6A,
				B26AA1E369AD8E5905D1EB62,
				5211421C16391A6DF2BCBD30,
				BD8578FACC4EF6F89D8147D5,
				E2EBE61559DD2720DD2D7457,
			);
			name = "JUCE Library Code";
			sourceTree = "<group>";
		};
		C2E50ED2D3F5EA4F007C411B = {
			isa = PBXGroup;
			children = (
				CD992799BB9E465D958D89F2,
				183C1C29CA57E86C23A6AD4C,
				855A2B3C34C61E1C60521A0C,
				B1078A20898D3395B1673B2D,
			);
			name = Resources;
			sourceTree = "<group>";
		};
		6E68806B9BEA35C65F4D09C0 = {
			isa = PBXGroup;
			children = (
				DD43344969BBFE3434E9DDCB,
				6494207D1134F384A2C7920F,
				414A63279B203B8B1104832B,
				D689398483F4AB225FB66F5C,
				7061547F62C3F4518C58963F,
				4C15368B1F61CFC7638D9159,
				51E1278A58894F0C64E4820A,
				5D2589AAF4721655B9624768,
				8BC13D59EED9E0F21B8EA0B7,
				FC08FF1E16E1AD1CB6F48489,
				E64AAFED69C45DB38F7629D2,
				7F9B26C67E593D97D3896CC4,
				19D11DF804AB952781F879FE,
			);
			name = Frameworks;
			sourceTree = "<group>";
		};
		AD45A47FEB014F0BB4C96AC8 = {
			isa = PBXGroup;
			children = (
				687DECDED891B36962ED5AE2,
				EA520AC49959793ADACC3194,
				97895BF032EEDABEA43B2C1A,
				1598CC54D763F8344BFE76FD,
			);
			name = Products;
			sourceTree = "<group>";
		};
		CD856C1493399D492EB28BCE = {
			isa = PBXGroup;
			children = (
				832375E208C137F3C20665AF,
				091EAE81DFD4FDD33637153A,
				9192AB21C5C2F4F8A4F82790,
				C2E50ED2D3F5EA4F007C411B,
				6E68806B9BEA35C65F4D09C0,
				AD45A47FEB014F0BB4C96AC8,
			);
			name = Source;
			sourceTree = "<group>";
		};
		300EEA43C979E4748D89088D = {
			isa = PBXTargetDependency;
			target = 894ED452852858DDA4E1948A;
		};
		FE057B5CD127E714CE6B45F1 = {
			isa = PBXTargetDependency;
			target = DB6817A33841C2CF91AF1877;
		};
		63913875DDADF09F40A80A70 = {
			isa = PBXTargetDependency;
			target = 4ADFD3C88571D3B347DAAE10;
		};
		1F6FF2330F42C3A47F5C1704 = {
			isa = PBXTargetDependency;
			target = 7E3E5B4C476C15855FB6C130;
		};
		0D52274BE1AF7549FACB6FE5 = {
			isa = PBXTargetDependency;
			target = 7E3E5B4C476C15855FB6C130;
		};
		25BADBD5AAE87C3E286760B1 = {
			isa = PBXTargetDependency;
			target = 7E3E5B4C476C15855FB6C130;
		};
		466D146802B06C8151B42298 = {
			isa = PBXTargetDependency;
			target = 7E3E5B4C476C15855FB6C130;
		};
		9CC73995F12F40E606315C67 = {
			isa = XCBuildConfiguration;
			buildSettings = {
				MACOSX_DEPLOYMENT_TARGET = 10.11;
				SDKROOT = macosx;
			};
			name = Debug;
		};
		401A24F33ACDE5E235031979 = {
			isa = XCBuildConfiguration;
			buildSettings = {
				MACOSX_DEPLOYMENT_TARGET = 10.11;
				SDKROOT = macosx;
			};
			name = Release;
		};
		14D3B3A5EA10116F987572E3 = {
			isa = XCBuildConfiguration;
			buildSettings = {
				CLANG_CXX_LANGUAGE_STANDARD = "c++14";
				CLANG_CXX_LIBRARY = "libc++";
				CLANG_LINK_OBJC_RUNTIME = NO;
				CODE_SIGN_IDENTITY = "";
				COMBINE_HIDPI_IMAGES = YES;
				CONFIGURATION_BUILD_DIR = "$(PROJECT_DIR)/build/$(CONFIGURATION)";
				COPY_PHASE_STRIP = NO;
				DEPLOYMENT_LOCATION = YES;
				DSTROOT = /;
				GCC_DYNAMIC_NO_PIC = NO;
				GCC_OPTIMIZATION_LEVEL = 0;
				GCC_PREPROCESSOR_DEFINITIONS = (
					"_DEBUG=1",
					"DEBUG=1",
					"JUCE_DISPLAY_SPLASH_SCREEN=1",
					"JUCE_USE_DARK_SPLASH_SCREEN=1",
					"JUCE_PROJUCER_VERSION=0x60005",
					"JUCE_MODULE_AVAILABLE_juce_audio_basics=1",
					"JUCE_MODULE_AVAILABLE_juce_audio_devices=1",
					"JUCE_MODULE_AVAILABLE_juce_audio_formats=1",
					"JUCE_MODULE_AVAILABLE_juce_audio_plugin_client=1",
					"JUCE_MODULE_AVAILABLE_juce_audio_processors=1",
					"JUCE_MODULE_AVAILABLE_juce_audio_utils=1",
					"JUCE_MODULE_AVAILABLE_juce_core=1",
					"JUCE_MODULE_AVAILABLE_juce_data_structures=1",
					"JUCE_MODULE_AVAILABLE_juce_events=1",
					"JUCE_MODULE_AVAILABLE_juce_graphics=1",
					"JUCE_MODULE_AVAILABLE_juce_gui_basics=1",
					"JUCE_MODULE_AVAILABLE_juce_gui_extra=1",
					"JUCE_GLOBAL_MODULE_SETTINGS_INCLUDED=1",
					"JUCE_VST3_CAN_REPLACE_VST2=0",
					"JUCE_STRICT_REFCOUNTEDPOINTER=1",
					"JucePlugin_Build_VST=0",
					"JucePlugin_Build_VST3=1",
					"JucePlugin_Build_AU=0",
					"JucePlugin_Build_AUv3=0",
					"JucePlugin_Build_RTAS=0",
					"JucePlugin_Build_AAX=0",
					"JucePlugin_Build_Standalone=0",
					"JucePlugin_Build_Unity=0",
					"JucePlugin_Enable_IAA=0",
					"JucePlugin_Name=\\\"Conjure\\\"",
					"JucePlugin_Desc=\\\"Conjure\\\"",
					"JucePlugin_Manufacturer=\\\"P-TR4K\\\"",
					"JucePlugin_ManufacturerWebsite=\\\"\\\"",
					"JucePlugin_ManufacturerEmail=\\\"ptumulty1@gmail.com\\\"",
					"JucePlugin_ManufacturerCode=0x4d616e75",
					"JucePlugin_PluginCode=0x416f6d78",
					"JucePlugin_IsSynth=0",
					"JucePlugin_WantsMidiInput=0",
					"JucePlugin_ProducesMidiOutput=1",
					"JucePlugin_IsMidiEffect=1",
					"JucePlugin_EditorRequiresKeyboardFocus=0",
					"JucePlugin_Version=1.0.0",
					"JucePlugin_VersionCode=0x10000",
					"JucePlugin_VersionString=\\\"1.0.0\\\"",
					"JucePlugin_VSTUniqueID=JucePlugin_PluginCode",
					"JucePlugin_VSTCategory=kPlugCategEffect",
					"JucePlugin_Vst3Category=\\\"Instrument\\\"",
					"JucePlugin_AUMainType='aumi'",
					"JucePlugin_AUSubType=JucePlugin_PluginCode",
					"JucePlugin_AUExportPrefix=ConjureAU",
					"JucePlugin_AUExportPrefixQuoted=\\\"ConjureAU\\\"",
					"JucePlugin_AUManufacturerCode=JucePlugin_ManufacturerCode",
					"JucePlugin_CFBundleIdentifier=com.PTR4K.Conjure",
					"JucePlugin_RTASCategory=0",
					"JucePlugin_RTASManufacturerCode=JucePlugin_ManufacturerCode",
					"JucePlugin_RTASProductId=JucePlugin_PluginCode",
					"JucePlugin_RTASDisableBypass=0",
					"JucePlugin_RTASDisableMultiMono=0",
					"JucePlugin_AAXIdentifier=com.PTR4K.Conjure",
					"JucePlugin_AAXManufacturerCode=JucePlugin_ManufacturerCode",
					"JucePlugin_AAXProductId=JucePlugin_PluginCode",
					"JucePlugin_AAXCategory=0",
					"JucePlugin_AAXDisableBypass=0",
					"JucePlugin_AAXDisableMultiMono=0",
					"JucePlugin_IAAType=0x61757278",
					"JucePlugin_IAASubType=JucePlugin_PluginCode",
					"JucePlugin_IAAName=\\\"P-TR4K:\\ Conjure\\\"",
					"JucePlugin_VSTNumMidiInputs=16",
					"JucePlugin_VSTNumMidiOutputs=16",
					"JUCE_STANDALONE_APPLICATION=JucePlugin_Build_Standalone",
					"JUCER_XCODE_MAC_F6D2F4CF=1",
					"JUCE_APP_VERSION=1.0.0",
					"JUCE_APP_VERSION_HEX=0x10000",
				);
				GCC_VERSION = com.apple.compilers.llvm.clang.1_0;
				GENERATE_PKGINFO_FILE = YES;
				HEADER_SEARCH_PATHS = (
					"/Users/ptumulty/Applications/JUCE/modules/juce_audio_processors/format_types/VST3_SDK",
					"../../JuceLibraryCode",
					"/Users/ptumulty/Applications/JUCE/modules",
					"/Users/ptumulty/Applications/JUCE/modules/juce_audio_plugin_client",
					"$(inherited)",
				);
				INFOPLIST_FILE = Info-VST3.plist;
				INFOPLIST_PREPROCESS = NO;
				INSTALL_PATH = "$(HOME)/Library/Audio/Plug-Ins/VST3/";
				LIBRARY_STYLE = Bundle;
				MACOSX_DEPLOYMENT_TARGET = 10.11;
				MTL_HEADER_SEARCH_PATHS = (
					"/Users/ptumulty/Applications/JUCE/modules/juce_audio_processors/format_types/VST3_SDK",
					"../../JuceLibraryCode",
					"/Users/ptumulty/Applications/JUCE/modules",
					"/Users/ptumulty/Applications/JUCE/modules/juce_audio_plugin_client",
				);
				OTHER_LDFLAGS = "-bundle -lConjure";
				PRODUCT_BUNDLE_IDENTIFIER = com.PTR4K.Conjure;
				PRODUCT_NAME = "Conjure";
				USE_HEADERMAP = NO;
				VALID_ARCHS = "i386 x86_64 arm64 arm64e";
				WRAPPER_EXTENSION = vst3;
			};
			name = Debug;
		};
		F10A07BE3D1F8BD268384195 = {
			isa = XCBuildConfiguration;
			buildSettings = {
				CLANG_CXX_LANGUAGE_STANDARD = "c++14";
				CLANG_CXX_LIBRARY = "libc++";
				CLANG_LINK_OBJC_RUNTIME = NO;
				CODE_SIGN_IDENTITY = "";
				COMBINE_HIDPI_IMAGES = YES;
				CONFIGURATION_BUILD_DIR = "$(PROJECT_DIR)/build/$(CONFIGURATION)";
				DEAD_CODE_STRIPPING = YES;
				DEPLOYMENT_LOCATION = YES;
				DSTROOT = /;
				GCC_GENERATE_DEBUGGING_SYMBOLS = NO;
				GCC_OPTIMIZATION_LEVEL = 3;
				GCC_PREPROCESSOR_DEFINITIONS = (
					"_NDEBUG=1",
					"NDEBUG=1",
					"JUCE_DISPLAY_SPLASH_SCREEN=1",
					"JUCE_USE_DARK_SPLASH_SCREEN=1",
					"JUCE_PROJUCER_VERSION=0x60005",
					"JUCE_MODULE_AVAILABLE_juce_audio_basics=1",
					"JUCE_MODULE_AVAILABLE_juce_audio_devices=1",
					"JUCE_MODULE_AVAILABLE_juce_audio_formats=1",
					"JUCE_MODULE_AVAILABLE_juce_audio_plugin_client=1",
					"JUCE_MODULE_AVAILABLE_juce_audio_processors=1",
					"JUCE_MODULE_AVAILABLE_juce_audio_utils=1",
					"JUCE_MODULE_AVAILABLE_juce_core=1",
					"JUCE_MODULE_AVAILABLE_juce_data_structures=1",
					"JUCE_MODULE_AVAILABLE_juce_events=1",
					"JUCE_MODULE_AVAILABLE_juce_graphics=1",
					"JUCE_MODULE_AVAILABLE_juce_gui_basics=1",
					"JUCE_MODULE_AVAILABLE_juce_gui_extra=1",
					"JUCE_GLOBAL_MODULE_SETTINGS_INCLUDED=1",
					"JUCE_VST3_CAN_REPLACE_VST2=0",
					"JUCE_STRICT_REFCOUNTEDPOINTER=1",
					"JucePlugin_Build_VST=0",
					"JucePlugin_Build_VST3=1",
					"JucePlugin_Build_AU=0",
					"JucePlugin_Build_AUv3=0",
					"JucePlugin_Build_RTAS=0",
					"JucePlugin_Build_AAX=0",
					"JucePlugin_Build_Standalone=0",
					"JucePlugin_Build_Unity=0",
					"JucePlugin_Enable_IAA=0",
					"JucePlugin_Name=\\\"Conjure\\\"",
					"JucePlugin_Desc=\\\"Conjure\\\"",
					"JucePlugin_Manufacturer=\\\"P-TR4K\\\"",
					"JucePlugin_ManufacturerWebsite=\\\"\\\"",
					"JucePlugin_ManufacturerEmail=\\\"ptumulty1@gmail.com\\\"",
					"JucePlugin_ManufacturerCode=0x4d616e75",
					"JucePlugin_PluginCode=0x416f6d78",
					"JucePlugin_IsSynth=0",
					"JucePlugin_WantsMidiInput=0",
					"JucePlugin_ProducesMidiOutput=1",
					"JucePlugin_IsMidiEffect=1",
					"JucePlugin_EditorRequiresKeyboardFocus=0",
					"JucePlugin_Version=1.0.0",
					"JucePlugin_VersionCode=0x10000",
					"JucePlugin_VersionString=\\\"1.0.0\\\"",
					"JucePlugin_VSTUniqueID=JucePlugin_PluginCode",
					"JucePlugin_VSTCategory=kPlugCategEffect",
					"JucePlugin_Vst3Category=\\\"Instrument\\\"",
					"JucePlugin_AUMainType='aumi'",
					"JucePlugin_AUSubType=JucePlugin_PluginCode",
					"JucePlugin_AUExportPrefix=ConjureAU",
					"JucePlugin_AUExportPrefixQuoted=\\\"ConjureAU\\\"",
					"JucePlugin_AUManufacturerCode=JucePlugin_ManufacturerCode",
					"JucePlugin_CFBundleIdentifier=com.PTR4K.Conjure",
					"JucePlugin_RTASCategory=0",
					"JucePlugin_RTASManufacturerCode=JucePlugin_ManufacturerCode",
					"JucePlugin_RTASProductId=JucePlugin_PluginCode",
					"JucePlugin_RTASDisableBypass=0",
					"JucePlugin_RTASDisableMultiMono=0",
					"JucePlugin_AAXIdentifier=com.PTR4K.Conjure",
					"JucePlugin_AAXManufacturerCode=JucePlugin_ManufacturerCode",
					"JucePlugin_AAXProductId=JucePlugin_PluginCode",
					"JucePlugin_AAXCategory=0",
					"JucePlugin_AAXDisableBypass=0",
					"JucePlugin_AAXDisableMultiMono=0",
					"JucePlugin_IAAType=0x61757278",
					"JucePlugin_IAASubType=JucePlugin_PluginCode",
					"JucePlugin_IAAName=\\\"P-TR4K:\\ Conjure\\\"",
					"JucePlugin_VSTNumMidiInputs=16",
					"JucePlugin_VSTNumMidiOutputs=16",
					"JUCE_STANDALONE_APPLICATION=JucePlugin_Build_Standalone",
					"JUCER_XCODE_MAC_F6D2F4CF=1",
					"JUCE_APP_VERSION=1.0.0",
					"JUCE_APP_VERSION_HEX=0x10000",
				);
				GCC_VERSION = com.apple.compilers.llvm.clang.1_0;
				GENERATE_PKGINFO_FILE = YES;
				HEADER_SEARCH_PATHS = (
					"/Users/ptumulty/Applications/JUCE/modules/juce_audio_processors/format_types/VST3_SDK",
					"../../JuceLibraryCode",
					"/Users/ptumulty/Applications/JUCE/modules",
					"/Users/ptumulty/Applications/JUCE/modules/juce_audio_plugin_client",
					"$(inherited)",
				);
				INFOPLIST_FILE = Info-VST3.plist;
				INFOPLIST_PREPROCESS = NO;
				INSTALL_PATH = "$(HOME)/Library/Audio/Plug-Ins/VST3/";
				LIBRARY_STYLE = Bundle;
				LLVM_LTO = YES;
				MACOSX_DEPLOYMENT_TARGET = 10.11;
				MTL_HEADER_SEARCH_PATHS = (
					"/Users/ptumulty/Applications/JUCE/modules/juce_audio_processors/format_types/VST3_SDK",
					"../../JuceLibraryCode",
					"/Users/ptumulty/Applications/JUCE/modules",
					"/Users/ptumulty/Applications/JUCE/modules/juce_audio_plugin_client",
				);
				OTHER_LDFLAGS = "-bundle -lConjure";
				PRODUCT_BUNDLE_IDENTIFIER = com.PTR4K.Conjure;
				PRODUCT_NAME = "Conjure";
				USE_HEADERMAP = NO;
				VALID_ARCHS = "i386 x86_64 arm64 arm64e";
				WRAPPER_EXTENSION = vst3;
			};
			name = Release;
		};
		386171B60A45592C59B4EE01 = {
			isa = XCBuildConfiguration;
			buildSettings = {
				CLANG_CXX_LANGUAGE_STANDARD = "c++14";
				CLANG_CXX_LIBRARY = "libc++";
				CLANG_LINK_OBJC_RUNTIME = NO;
				CODE_SIGN_IDENTITY = "";
				COMBINE_HIDPI_IMAGES = YES;
				CONFIGURATION_BUILD_DIR = "$(PROJECT_DIR)/build/$(CONFIGURATION)";
				COPY_PHASE_STRIP = NO;
				DEPLOYMENT_LOCATION = YES;
				DSTROOT = /;
				GCC_DYNAMIC_NO_PIC = NO;
				GCC_OPTIMIZATION_LEVEL = 0;
				GCC_PREPROCESSOR_DEFINITIONS = (
					"_DEBUG=1",
					"DEBUG=1",
					"JUCE_DISPLAY_SPLASH_SCREEN=1",
					"JUCE_USE_DARK_SPLASH_SCREEN=1",
					"JUCE_PROJUCER_VERSION=0x60005",
					"JUCE_MODULE_AVAILABLE_juce_audio_basics=1",
					"JUCE_MODULE_AVAILABLE_juce_audio_devices=1",
					"JUCE_MODULE_AVAILABLE_juce_audio_formats=1",
					"JUCE_MODULE_AVAILABLE_juce_audio_plugin_client=1",
					"JUCE_MODULE_AVAILABLE_juce_audio_processors=1",
					"JUCE_MODULE_AVAILABLE_juce_audio_utils=1",
					"JUCE_MODULE_AVAILABLE_juce_core=1",
					"JUCE_MODULE_AVAILABLE_juce_data_structures=1",
					"JUCE_MODULE_AVAILABLE_juce_events=1",
					"JUCE_MODULE_AVAILABLE_juce_graphics=1",
					"JUCE_MODULE_AVAILABLE_juce_gui_basics=1",
					"JUCE_MODULE_AVAILABLE_juce_gui_extra=1",
					"JUCE_GLOBAL_MODULE_SETTINGS_INCLUDED=1",
					"JUCE_VST3_CAN_REPLACE_VST2=0",
					"JUCE_STRICT_REFCOUNTEDPOINTER=1",
					"JucePlugin_Build_VST=0",
					"JucePlugin_Build_VST3=0",
					"JucePlugin_Build_AU=1",
					"JucePlugin_Build_AUv3=0",
					"JucePlugin_Build_RTAS=0",
					"JucePlugin_Build_AAX=0",
					"JucePlugin_Build_Standalone=0",
					"JucePlugin_Build_Unity=0",
					"JucePlugin_Enable_IAA=0",
					"JucePlugin_Name=\\\"Conjure\\\"",
					"JucePlugin_Desc=\\\"Conjure\\\"",
					"JucePlugin_Manufacturer=\\\"P-TR4K\\\"",
					"JucePlugin_ManufacturerWebsite=\\\"\\\"",
					"JucePlugin_ManufacturerEmail=\\\"ptumulty1@gmail.com\\\"",
					"JucePlugin_ManufacturerCode=0x4d616e75",
					"JucePlugin_PluginCode=0x416f6d78",
					"JucePlugin_IsSynth=0",
					"JucePlugin_WantsMidiInput=0",
					"JucePlugin_ProducesMidiOutput=1",
					"JucePlugin_IsMidiEffect=1",
					"JucePlugin_EditorRequiresKeyboardFocus=0",
					"JucePlugin_Version=1.0.0",
					"JucePlugin_VersionCode=0x10000",
					"JucePlugin_VersionString=\\\"1.0.0\\\"",
					"JucePlugin_VSTUniqueID=JucePlugin_PluginCode",
					"JucePlugin_VSTCategory=kPlugCategEffect",
					"JucePlugin_Vst3Category=\\\"Instrument\\\"",
					"JucePlugin_AUMainType='aumi'",
					"JucePlugin_AUSubType=JucePlugin_PluginCode",
					"JucePlugin_AUExportPrefix=ConjureAU",
					"JucePlugin_AUExportPrefixQuoted=\\\"ConjureAU\\\"",
					"JucePlugin_AUManufacturerCode=JucePlugin_ManufacturerCode",
					"JucePlugin_CFBundleIdentifier=com.PTR4K.Conjure",
					"JucePlugin_RTASCategory=0",
					"JucePlugin_RTASManufacturerCode=JucePlugin_ManufacturerCode",
					"JucePlugin_RTASProductId=JucePlugin_PluginCode",
					"JucePlugin_RTASDisableBypass=0",
					"JucePlugin_RTASDisableMultiMono=0",
					"JucePlugin_AAXIdentifier=com.PTR4K.Conjure",
					"JucePlugin_AAXManufacturerCode=JucePlugin_ManufacturerCode",
					"JucePlugin_AAXProductId=JucePlugin_PluginCode",
					"JucePlugin_AAXCategory=0",
					"JucePlugin_AAXDisableBypass=0",
					"JucePlugin_AAXDisableMultiMono=0",
					"JucePlugin_IAAType=0x61757278",
					"JucePlugin_IAASubType=JucePlugin_PluginCode",
					"JucePlugin_IAAName=\\\"P-TR4K:\\ Conjure\\\"",
					"JucePlugin_VSTNumMidiInputs=16",
					"JucePlugin_VSTNumMidiOutputs=16",
					"JUCE_STANDALONE_APPLICATION=JucePlugin_Build_Standalone",
					"JUCER_XCODE_MAC_F6D2F4CF=1",
					"JUCE_APP_VERSION=1.0.0",
					"JUCE_APP_VERSION_HEX=0x10000",
				);
				GCC_VERSION = com.apple.compilers.llvm.clang.1_0;
				GENERATE_PKGINFO_FILE = YES;
				HEADER_SEARCH_PATHS = (
					"/Users/ptumulty/Applications/JUCE/modules/juce_audio_processors/format_types/VST3_SDK",
					"../../JuceLibraryCode",
					"/Users/ptumulty/Applications/JUCE/modules",
					"/Users/ptumulty/Applications/JUCE/modules/juce_audio_plugin_client",
					"$(inherited)",
				);
				INFOPLIST_FILE = Info-AU.plist;
				INFOPLIST_PREPROCESS = NO;
				INSTALL_PATH = "$(HOME)/Library/Audio/Plug-Ins/Components/";
				LIBRARY_STYLE = Bundle;
				MACOSX_DEPLOYMENT_TARGET = 10.11;
				MTL_HEADER_SEARCH_PATHS = (
					"/Users/ptumulty/Applications/JUCE/modules/juce_audio_processors/format_types/VST3_SDK",
					"../../JuceLibraryCode",
					"/Users/ptumulty/Applications/JUCE/modules",
					"/Users/ptumulty/Applications/JUCE/modules/juce_audio_plugin_client",
				);
				OTHER_LDFLAGS = "-bundle -lConjure";
				OTHER_REZFLAGS = "-d ppc_$ppc -d i386_$i386 -d ppc64_$ppc64 -d x86_64_$x86_64 -I /System/Library/Frameworks/CoreServices.framework/Frameworks/CarbonCore.framework/Versions/A/Headers -I \"$(DEVELOPER_DIR)/Extras/CoreAudio/AudioUnits/AUPublic/AUBase\" -I \"$(DEVELOPER_DIR)/Platforms/MacOSX.platform/Developer/SDKs/MacOSX.sdk/System/Library/Frameworks/AudioUnit.framework/Headers\"";
				PRODUCT_BUNDLE_IDENTIFIER = com.PTR4K.Conjure;
				PRODUCT_NAME = "Conjure";
				USE_HEADERMAP = NO;
				VALID_ARCHS = "i386 x86_64 arm64 arm64e";
				WRAPPER_EXTENSION = component;
			};
			name = Debug;
		};
		9B1ECBD209290D051A7849AD = {
			isa = XCBuildConfiguration;
			buildSettings = {
				CLANG_CXX_LANGUAGE_STANDARD = "c++14";
				CLANG_CXX_LIBRARY = "libc++";
				CLANG_LINK_OBJC_RUNTIME = NO;
				CODE_SIGN_IDENTITY = "";
				COMBINE_HIDPI_IMAGES = YES;
				CONFIGURATION_BUILD_DIR = "$(PROJECT_DIR)/build/$(CONFIGURATION)";
				DEAD_CODE_STRIPPING = YES;
				DEPLOYMENT_LOCATION = YES;
				DSTROOT = /;
				GCC_GENERATE_DEBUGGING_SYMBOLS = NO;
				GCC_OPTIMIZATION_LEVEL = 3;
				GCC_PREPROCESSOR_DEFINITIONS = (
					"_NDEBUG=1",
					"NDEBUG=1",
					"JUCE_DISPLAY_SPLASH_SCREEN=1",
					"JUCE_USE_DARK_SPLASH_SCREEN=1",
					"JUCE_PROJUCER_VERSION=0x60005",
					"JUCE_MODULE_AVAILABLE_juce_audio_basics=1",
					"JUCE_MODULE_AVAILABLE_juce_audio_devices=1",
					"JUCE_MODULE_AVAILABLE_juce_audio_formats=1",
					"JUCE_MODULE_AVAILABLE_juce_audio_plugin_client=1",
					"JUCE_MODULE_AVAILABLE_juce_audio_processors=1",
					"JUCE_MODULE_AVAILABLE_juce_audio_utils=1",
					"JUCE_MODULE_AVAILABLE_juce_core=1",
					"JUCE_MODULE_AVAILABLE_juce_data_structures=1",
					"JUCE_MODULE_AVAILABLE_juce_events=1",
					"JUCE_MODULE_AVAILABLE_juce_graphics=1",
					"JUCE_MODULE_AVAILABLE_juce_gui_basics=1",
					"JUCE_MODULE_AVAILABLE_juce_gui_extra=1",
					"JUCE_GLOBAL_MODULE_SETTINGS_INCLUDED=1",
					"JUCE_VST3_CAN_REPLACE_VST2=0",
					"JUCE_STRICT_REFCOUNTEDPOINTER=1",
					"JucePlugin_Build_VST=0",
					"JucePlugin_Build_VST3=0",
					"JucePlugin_Build_AU=1",
					"JucePlugin_Build_AUv3=0",
					"JucePlugin_Build_RTAS=0",
					"JucePlugin_Build_AAX=0",
					"JucePlugin_Build_Standalone=0",
					"JucePlugin_Build_Unity=0",
					"JucePlugin_Enable_IAA=0",
					"JucePlugin_Name=\\\"Conjure\\\"",
					"JucePlugin_Desc=\\\"Conjure\\\"",
					"JucePlugin_Manufacturer=\\\"P-TR4K\\\"",
					"JucePlugin_ManufacturerWebsite=\\\"\\\"",
					"JucePlugin_ManufacturerEmail=\\\"ptumulty1@gmail.com\\\"",
					"JucePlugin_ManufacturerCode=0x4d616e75",
					"JucePlugin_PluginCode=0x416f6d78",
					"JucePlugin_IsSynth=0",
					"JucePlugin_WantsMidiInput=0",
					"JucePlugin_ProducesMidiOutput=1",
					"JucePlugin_IsMidiEffect=1",
					"JucePlugin_EditorRequiresKeyboardFocus=0",
					"JucePlugin_Version=1.0.0",
					"JucePlugin_VersionCode=0x10000",
					"JucePlugin_VersionString=\\\"1.0.0\\\"",
					"JucePlugin_VSTUniqueID=JucePlugin_PluginCode",
					"JucePlugin_VSTCategory=kPlugCategEffect",
					"JucePlugin_Vst3Category=\\\"Instrument\\\"",
					"JucePlugin_AUMainType='aumi'",
					"JucePlugin_AUSubType=JucePlugin_PluginCode",
					"JucePlugin_AUExportPrefix=ConjureAU",
					"JucePlugin_AUExportPrefixQuoted=\\\"ConjureAU\\\"",
					"JucePlugin_AUManufacturerCode=JucePlugin_ManufacturerCode",
					"JucePlugin_CFBundleIdentifier=com.PTR4K.Conjure",
					"JucePlugin_RTASCategory=0",
					"JucePlugin_RTASManufacturerCode=JucePlugin_ManufacturerCode",
					"JucePlugin_RTASProductId=JucePlugin_PluginCode",
					"JucePlugin_RTASDisableBypass=0",
					"JucePlugin_RTASDisableMultiMono=0",
					"JucePlugin_AAXIdentifier=com.PTR4K.Conjure",
					"JucePlugin_AAXManufacturerCode=JucePlugin_ManufacturerCode",
					"JucePlugin_AAXProductId=JucePlugin_PluginCode",
					"JucePlugin_AAXCategory=0",
					"JucePlugin_AAXDisableBypass=0",
					"JucePlugin_AAXDisableMultiMono=0",
					"JucePlugin_IAAType=0x61757278",
					"JucePlugin_IAASubType=JucePlugin_PluginCode",
					"JucePlugin_IAAName=\\\"P-TR4K:\\ Conjure\\\"",
					"JucePlugin_VSTNumMidiInputs=16",
					"JucePlugin_VSTNumMidiOutputs=16",
					"JUCE_STANDALONE_APPLICATION=JucePlugin_Build_Standalone",
					"JUCER_XCODE_MAC_F6D2F4CF=1",
					"JUCE_APP_VERSION=1.0.0",
					"JUCE_APP_VERSION_HEX=0x10000",
				);
				GCC_VERSION = com.apple.compilers.llvm.clang.1_0;
				GENERATE_PKGINFO_FILE = YES;
				HEADER_SEARCH_PATHS = (
					"/Users/ptumulty/Applications/JUCE/modules/juce_audio_processors/format_types/VST3_SDK",
					"../../JuceLibraryCode",
					"/Users/ptumulty/Applications/JUCE/modules",
					"/Users/ptumulty/Applications/JUCE/modules/juce_audio_plugin_client",
					"$(inherited)",
				);
				INFOPLIST_FILE = Info-AU.plist;
				INFOPLIST_PREPROCESS = NO;
				INSTALL_PATH = "$(HOME)/Library/Audio/Plug-Ins/Components/";
				LIBRARY_STYLE = Bundle;
				LLVM_LTO = YES;
				MACOSX_DEPLOYMENT_TARGET = 10.11;
				MTL_HEADER_SEARCH_PATHS = (
					"/Users/ptumulty/Applications/JUCE/modules/juce_audio_processors/format_types/VST3_SDK",
					"../../JuceLibraryCode",
					"/Users/ptumulty/Applications/JUCE/modules",
					"/Users/ptumulty/Applications/JUCE/modules/juce_audio_plugin_client",
				);
				OTHER_LDFLAGS = "-bundle -lConjure";
				OTHER_REZFLAGS = "-d ppc_$ppc -d i386_$i386 -d ppc64_$ppc64 -d x86_64_$x86_64 -I /System/Library/Frameworks/CoreServices.framework/Frameworks/CarbonCore.framework/Versions/A/Headers -I \"$(DEVELOPER_DIR)/Extras/CoreAudio/AudioUnits/AUPublic/AUBase\" -I \"$(DEVELOPER_DIR)/Platforms/MacOSX.platform/Developer/SDKs/MacOSX.sdk/System/Library/Frameworks/AudioUnit.framework/Headers\"";
				PRODUCT_BUNDLE_IDENTIFIER = com.PTR4K.Conjure;
				PRODUCT_NAME = "Conjure";
				USE_HEADERMAP = NO;
				VALID_ARCHS = "i386 x86_64 arm64 arm64e";
				WRAPPER_EXTENSION = component;
			};
			name = Release;
		};
		F4641C735BA32E748A6E26E9 = {
			isa = XCBuildConfiguration;
			buildSettings = {
				CLANG_CXX_LANGUAGE_STANDARD = "c++14";
				CLANG_CXX_LIBRARY = "libc++";
				CLANG_LINK_OBJC_RUNTIME = NO;
				CODE_SIGN_IDENTITY = "";
				COMBINE_HIDPI_IMAGES = YES;
				CONFIGURATION_BUILD_DIR = "$(PROJECT_DIR)/build/$(CONFIGURATION)";
				COPY_PHASE_STRIP = NO;
				GCC_DYNAMIC_NO_PIC = NO;
				GCC_OPTIMIZATION_LEVEL = 0;
				GCC_PREPROCESSOR_DEFINITIONS = (
					"_DEBUG=1",
					"DEBUG=1",
					"JUCE_DISPLAY_SPLASH_SCREEN=1",
					"JUCE_USE_DARK_SPLASH_SCREEN=1",
					"JUCE_PROJUCER_VERSION=0x60005",
					"JUCE_MODULE_AVAILABLE_juce_audio_basics=1",
					"JUCE_MODULE_AVAILABLE_juce_audio_devices=1",
					"JUCE_MODULE_AVAILABLE_juce_audio_formats=1",
					"JUCE_MODULE_AVAILABLE_juce_audio_plugin_client=1",
					"JUCE_MODULE_AVAILABLE_juce_audio_processors=1",
					"JUCE_MODULE_AVAILABLE_juce_audio_utils=1",
					"JUCE_MODULE_AVAILABLE_juce_core=1",
					"JUCE_MODULE_AVAILABLE_juce_data_structures=1",
					"JUCE_MODULE_AVAILABLE_juce_events=1",
					"JUCE_MODULE_AVAILABLE_juce_graphics=1",
					"JUCE_MODULE_AVAILABLE_juce_gui_basics=1",
					"JUCE_MODULE_AVAILABLE_juce_gui_extra=1",
					"JUCE_GLOBAL_MODULE_SETTINGS_INCLUDED=1",
					"JUCE_VST3_CAN_REPLACE_VST2=0",
					"JUCE_STRICT_REFCOUNTEDPOINTER=1",
					"JucePlugin_Build_VST=0",
					"JucePlugin_Build_VST3=0",
					"JucePlugin_Build_AU=0",
					"JucePlugin_Build_AUv3=0",
					"JucePlugin_Build_RTAS=0",
					"JucePlugin_Build_AAX=0",
					"JucePlugin_Build_Standalone=1",
					"JucePlugin_Build_Unity=0",
					"JucePlugin_Enable_IAA=0",
					"JucePlugin_Name=\\\"Conjure\\\"",
					"JucePlugin_Desc=\\\"Conjure\\\"",
					"JucePlugin_Manufacturer=\\\"P-TR4K\\\"",
					"JucePlugin_ManufacturerWebsite=\\\"\\\"",
					"JucePlugin_ManufacturerEmail=\\\"ptumulty1@gmail.com\\\"",
					"JucePlugin_ManufacturerCode=0x4d616e75",
					"JucePlugin_PluginCode=0x416f6d78",
					"JucePlugin_IsSynth=0",
					"JucePlugin_WantsMidiInput=0",
					"JucePlugin_ProducesMidiOutput=1",
					"JucePlugin_IsMidiEffect=1",
					"JucePlugin_EditorRequiresKeyboardFocus=0",
					"JucePlugin_Version=1.0.0",
					"JucePlugin_VersionCode=0x10000",
					"JucePlugin_VersionString=\\\"1.0.0\\\"",
					"JucePlugin_VSTUniqueID=JucePlugin_PluginCode",
					"JucePlugin_VSTCategory=kPlugCategEffect",
					"JucePlugin_Vst3Category=\\\"Instrument\\\"",
					"JucePlugin_AUMainType='aumi'",
					"JucePlugin_AUSubType=JucePlugin_PluginCode",
					"JucePlugin_AUExportPrefix=ConjureAU",
					"JucePlugin_AUExportPrefixQuoted=\\\"ConjureAU\\\"",
					"JucePlugin_AUManufacturerCode=JucePlugin_ManufacturerCode",
					"JucePlugin_CFBundleIdentifier=com.PTR4K.Conjure",
					"JucePlugin_RTASCategory=0",
					"JucePlugin_RTASManufacturerCode=JucePlugin_ManufacturerCode",
					"JucePlugin_RTASProductId=JucePlugin_PluginCode",
					"JucePlugin_RTASDisableBypass=0",
					"JucePlugin_RTASDisableMultiMono=0",
					"JucePlugin_AAXIdentifier=com.PTR4K.Conjure",
					"JucePlugin_AAXManufacturerCode=JucePlugin_ManufacturerCode",
					"JucePlugin_AAXProductId=JucePlugin_PluginCode",
					"JucePlugin_AAXCategory=0",
					"JucePlugin_AAXDisableBypass=0",
					"JucePlugin_AAXDisableMultiMono=0",
					"JucePlugin_IAAType=0x61757278",
					"JucePlugin_IAASubType=JucePlugin_PluginCode",
					"JucePlugin_IAAName=\\\"P-TR4K:\\ Conjure\\\"",
					"JucePlugin_VSTNumMidiInputs=16",
					"JucePlugin_VSTNumMidiOutputs=16",
					"JUCE_STANDALONE_APPLICATION=JucePlugin_Build_Standalone",
					"JUCER_XCODE_MAC_F6D2F4CF=1",
					"JUCE_APP_VERSION=1.0.0",
					"JUCE_APP_VERSION_HEX=0x10000",
				);
				GCC_VERSION = com.apple.compilers.llvm.clang.1_0;
				HEADER_SEARCH_PATHS = (
					"/Users/ptumulty/Applications/JUCE/modules/juce_audio_processors/format_types/VST3_SDK",
					"../../JuceLibraryCode",
					"/Users/ptumulty/Applications/JUCE/modules",
					"/Users/ptumulty/Applications/JUCE/modules/juce_audio_plugin_client",
					"$(inherited)",
				);
				INFOPLIST_FILE = Info-Standalone_Plugin.plist;
				INFOPLIST_PREPROCESS = NO;
				MACOSX_DEPLOYMENT_TARGET = 10.11;
				MTL_HEADER_SEARCH_PATHS = (
					"/Users/ptumulty/Applications/JUCE/modules/juce_audio_processors/format_types/VST3_SDK",
					"../../JuceLibraryCode",
					"/Users/ptumulty/Applications/JUCE/modules",
					"/Users/ptumulty/Applications/JUCE/modules/juce_audio_plugin_client",
				);
				OTHER_LDFLAGS = "-lConjure";
				PRODUCT_BUNDLE_IDENTIFIER = com.PTR4K.Conjure;
				PRODUCT_NAME = "Conjure";
				USE_HEADERMAP = NO;
				VALID_ARCHS = "i386 x86_64 arm64 arm64e";
			};
			name = Debug;
		};
		B6FE42133A57A07C1C246324 = {
			isa = XCBuildConfiguration;
			buildSettings = {
				CLANG_CXX_LANGUAGE_STANDARD = "c++14";
				CLANG_CXX_LIBRARY = "libc++";
				CLANG_LINK_OBJC_RUNTIME = NO;
				CODE_SIGN_IDENTITY = "";
				COMBINE_HIDPI_IMAGES = YES;
				CONFIGURATION_BUILD_DIR = "$(PROJECT_DIR)/build/$(CONFIGURATION)";
				DEAD_CODE_STRIPPING = YES;
				GCC_GENERATE_DEBUGGING_SYMBOLS = NO;
				GCC_OPTIMIZATION_LEVEL = 3;
				GCC_PREPROCESSOR_DEFINITIONS = (
					"_NDEBUG=1",
					"NDEBUG=1",
					"JUCE_DISPLAY_SPLASH_SCREEN=1",
					"JUCE_USE_DARK_SPLASH_SCREEN=1",
					"JUCE_PROJUCER_VERSION=0x60005",
					"JUCE_MODULE_AVAILABLE_juce_audio_basics=1",
					"JUCE_MODULE_AVAILABLE_juce_audio_devices=1",
					"JUCE_MODULE_AVAILABLE_juce_audio_formats=1",
					"JUCE_MODULE_AVAILABLE_juce_audio_plugin_client=1",
					"JUCE_MODULE_AVAILABLE_juce_audio_processors=1",
					"JUCE_MODULE_AVAILABLE_juce_audio_utils=1",
					"JUCE_MODULE_AVAILABLE_juce_core=1",
					"JUCE_MODULE_AVAILABLE_juce_data_structures=1",
					"JUCE_MODULE_AVAILABLE_juce_events=1",
					"JUCE_MODULE_AVAILABLE_juce_graphics=1",
					"JUCE_MODULE_AVAILABLE_juce_gui_basics=1",
					"JUCE_MODULE_AVAILABLE_juce_gui_extra=1",
					"JUCE_GLOBAL_MODULE_SETTINGS_INCLUDED=1",
					"JUCE_VST3_CAN_REPLACE_VST2=0",
					"JUCE_STRICT_REFCOUNTEDPOINTER=1",
					"JucePlugin_Build_VST=0",
					"JucePlugin_Build_VST3=0",
					"JucePlugin_Build_AU=0",
					"JucePlugin_Build_AUv3=0",
					"JucePlugin_Build_RTAS=0",
					"JucePlugin_Build_AAX=0",
					"JucePlugin_Build_Standalone=1",
					"JucePlugin_Build_Unity=0",
					"JucePlugin_Enable_IAA=0",
					"JucePlugin_Name=\\\"Conjure\\\"",
					"JucePlugin_Desc=\\\"Conjure\\\"",
					"JucePlugin_Manufacturer=\\\"P-TR4K\\\"",
					"JucePlugin_ManufacturerWebsite=\\\"\\\"",
					"JucePlugin_ManufacturerEmail=\\\"ptumulty1@gmail.com\\\"",
					"JucePlugin_ManufacturerCode=0x4d616e75",
					"JucePlugin_PluginCode=0x416f6d78",
					"JucePlugin_IsSynth=0",
					"JucePlugin_WantsMidiInput=0",
					"JucePlugin_ProducesMidiOutput=1",
					"JucePlugin_IsMidiEffect=1",
					"JucePlugin_EditorRequiresKeyboardFocus=0",
					"JucePlugin_Version=1.0.0",
					"JucePlugin_VersionCode=0x10000",
					"JucePlugin_VersionString=\\\"1.0.0\\\"",
					"JucePlugin_VSTUniqueID=JucePlugin_PluginCode",
					"JucePlugin_VSTCategory=kPlugCategEffect",
					"JucePlugin_Vst3Category=\\\"Instrument\\\"",
					"JucePlugin_AUMainType='aumi'",
					"JucePlugin_AUSubType=JucePlugin_PluginCode",
					"JucePlugin_AUExportPrefix=ConjureAU",
					"JucePlugin_AUExportPrefixQuoted=\\\"ConjureAU\\\"",
					"JucePlugin_AUManufacturerCode=JucePlugin_ManufacturerCode",
					"JucePlugin_CFBundleIdentifier=com.PTR4K.Conjure",
					"JucePlugin_RTASCategory=0",
					"JucePlugin_RTASManufacturerCode=JucePlugin_ManufacturerCode",
					"JucePlugin_RTASProductId=JucePlugin_PluginCode",
					"JucePlugin_RTASDisableBypass=0",
					"JucePlugin_RTASDisableMultiMono=0",
					"JucePlugin_AAXIdentifier=com.PTR4K.Conjure",
					"JucePlugin_AAXManufacturerCode=JucePlugin_ManufacturerCode",
					"JucePlugin_AAXProductId=JucePlugin_PluginCode",
					"JucePlugin_AAXCategory=0",
					"JucePlugin_AAXDisableBypass=0",
					"JucePlugin_AAXDisableMultiMono=0",
					"JucePlugin_IAAType=0x61757278",
					"JucePlugin_IAASubType=JucePlugin_PluginCode",
					"JucePlugin_IAAName=\\\"P-TR4K:\\ Conjure\\\"",
					"JucePlugin_VSTNumMidiInputs=16",
					"JucePlugin_VSTNumMidiOutputs=16",
					"JUCE_STANDALONE_APPLICATION=JucePlugin_Build_Standalone",
					"JUCER_XCODE_MAC_F6D2F4CF=1",
					"JUCE_APP_VERSION=1.0.0",
					"JUCE_APP_VERSION_HEX=0x10000",
				);
				GCC_VERSION = com.apple.compilers.llvm.clang.1_0;
				HEADER_SEARCH_PATHS = (
					"/Users/ptumulty/Applications/JUCE/modules/juce_audio_processors/format_types/VST3_SDK",
					"../../JuceLibraryCode",
					"/Users/ptumulty/Applications/JUCE/modules",
					"/Users/ptumulty/Applications/JUCE/modules/juce_audio_plugin_client",
					"$(inherited)",
				);
				INFOPLIST_FILE = Info-Standalone_Plugin.plist;
				INFOPLIST_PREPROCESS = NO;
				LLVM_LTO = YES;
				MACOSX_DEPLOYMENT_TARGET = 10.11;
				MTL_HEADER_SEARCH_PATHS = (
					"/Users/ptumulty/Applications/JUCE/modules/juce_audio_processors/format_types/VST3_SDK",
					"../../JuceLibraryCode",
					"/Users/ptumulty/Applications/JUCE/modules",
					"/Users/ptumulty/Applications/JUCE/modules/juce_audio_plugin_client",
				);
				OTHER_LDFLAGS = "-lConjure";
				PRODUCT_BUNDLE_IDENTIFIER = com.PTR4K.Conjure;
				PRODUCT_NAME = "Conjure";
				USE_HEADERMAP = NO;
				VALID_ARCHS = "i386 x86_64 arm64 arm64e";
			};
			name = Release;
		};
		9317B00CD8C89F1789C11966 = {
			isa = XCBuildConfiguration;
			buildSettings = {
				CLANG_CXX_LANGUAGE_STANDARD = "c++14";
				CLANG_CXX_LIBRARY = "libc++";
				CLANG_LINK_OBJC_RUNTIME = NO;
				CODE_SIGN_IDENTITY = "";
				COMBINE_HIDPI_IMAGES = YES;
				CONFIGURATION_BUILD_DIR = "$(PROJECT_DIR)/build/$(CONFIGURATION)";
				COPY_PHASE_STRIP = NO;
				GCC_DYNAMIC_NO_PIC = NO;
				GCC_OPTIMIZATION_LEVEL = 0;
				GCC_PREPROCESSOR_DEFINITIONS = (
					"_DEBUG=1",
					"DEBUG=1",
					"JUCE_DISPLAY_SPLASH_SCREEN=1",
					"JUCE_USE_DARK_SPLASH_SCREEN=1",
					"JUCE_PROJUCER_VERSION=0x60005",
					"JUCE_MODULE_AVAILABLE_juce_audio_basics=1",
					"JUCE_MODULE_AVAILABLE_juce_audio_devices=1",
					"JUCE_MODULE_AVAILABLE_juce_audio_formats=1",
					"JUCE_MODULE_AVAILABLE_juce_audio_plugin_client=1",
					"JUCE_MODULE_AVAILABLE_juce_audio_processors=1",
					"JUCE_MODULE_AVAILABLE_juce_audio_utils=1",
					"JUCE_MODULE_AVAILABLE_juce_core=1",
					"JUCE_MODULE_AVAILABLE_juce_data_structures=1",
					"JUCE_MODULE_AVAILABLE_juce_events=1",
					"JUCE_MODULE_AVAILABLE_juce_graphics=1",
					"JUCE_MODULE_AVAILABLE_juce_gui_basics=1",
					"JUCE_MODULE_AVAILABLE_juce_gui_extra=1",
					"JUCE_GLOBAL_MODULE_SETTINGS_INCLUDED=1",
					"JUCE_VST3_CAN_REPLACE_VST2=0",
					"JUCE_STRICT_REFCOUNTEDPOINTER=1",
					"JucePlugin_Build_VST=0",
					"JucePlugin_Build_VST3=1",
					"JucePlugin_Build_AU=1",
					"JucePlugin_Build_AUv3=0",
					"JucePlugin_Build_RTAS=0",
					"JucePlugin_Build_AAX=0",
					"JucePlugin_Build_Standalone=1",
					"JucePlugin_Build_Unity=0",
					"JucePlugin_Enable_IAA=0",
					"JucePlugin_Name=\\\"Conjure\\\"",
					"JucePlugin_Desc=\\\"Conjure\\\"",
					"JucePlugin_Manufacturer=\\\"P-TR4K\\\"",
					"JucePlugin_ManufacturerWebsite=\\\"\\\"",
					"JucePlugin_ManufacturerEmail=\\\"ptumulty1@gmail.com\\\"",
					"JucePlugin_ManufacturerCode=0x4d616e75",
					"JucePlugin_PluginCode=0x416f6d78",
					"JucePlugin_IsSynth=0",
					"JucePlugin_WantsMidiInput=0",
					"JucePlugin_ProducesMidiOutput=1",
					"JucePlugin_IsMidiEffect=1",
					"JucePlugin_EditorRequiresKeyboardFocus=0",
					"JucePlugin_Version=1.0.0",
					"JucePlugin_VersionCode=0x10000",
					"JucePlugin_VersionString=\\\"1.0.0\\\"",
					"JucePlugin_VSTUniqueID=JucePlugin_PluginCode",
					"JucePlugin_VSTCategory=kPlugCategEffect",
					"JucePlugin_Vst3Category=\\\"Instrument\\\"",
					"JucePlugin_AUMainType='aumi'",
					"JucePlugin_AUSubType=JucePlugin_PluginCode",
					"JucePlugin_AUExportPrefix=ConjureAU",
					"JucePlugin_AUExportPrefixQuoted=\\\"ConjureAU\\\"",
					"JucePlugin_AUManufacturerCode=JucePlugin_ManufacturerCode",
					"JucePlugin_CFBundleIdentifier=com.PTR4K.Conjure",
					"JucePlugin_RTASCategory=0",
					"JucePlugin_RTASManufacturerCode=JucePlugin_ManufacturerCode",
					"JucePlugin_RTASProductId=JucePlugin_PluginCode",
					"JucePlugin_RTASDisableBypass=0",
					"JucePlugin_RTASDisableMultiMono=0",
					"JucePlugin_AAXIdentifier=com.PTR4K.Conjure",
					"JucePlugin_AAXManufacturerCode=JucePlugin_ManufacturerCode",
					"JucePlugin_AAXProductId=JucePlugin_PluginCode",
					"JucePlugin_AAXCategory=0",
					"JucePlugin_AAXDisableBypass=0",
					"JucePlugin_AAXDisableMultiMono=0",
					"JucePlugin_IAAType=0x61757278",
					"JucePlugin_IAASubType=JucePlugin_PluginCode",
					"JucePlugin_IAAName=\\\"P-TR4K:\\ Conjure\\\"",
					"JucePlugin_VSTNumMidiInputs=16",
					"JucePlugin_VSTNumMidiOutputs=16",
					"JUCE_STANDALONE_APPLICATION=JucePlugin_Build_Standalone",
					"JUCER_XCODE_MAC_F6D2F4CF=1",
					"JUCE_APP_VERSION=1.0.0",
					"JUCE_APP_VERSION_HEX=0x10000",
					"JUCE_SHARED_CODE=1",
				);
				GCC_VERSION = com.apple.compilers.llvm.clang.1_0;
				HEADER_SEARCH_PATHS = (
					"/Users/ptumulty/Applications/JUCE/modules/juce_audio_processors/format_types/VST3_SDK",
					"../../JuceLibraryCode",
					"/Users/ptumulty/Applications/JUCE/modules",
					"/Users/ptumulty/Applications/JUCE/modules/juce_audio_plugin_client",
					"$(inherited)",
				);
				INSTALL_PATH = "@executable_path/../Frameworks";
				MACOSX_DEPLOYMENT_TARGET = 10.11;
				MTL_HEADER_SEARCH_PATHS = (
					"/Users/ptumulty/Applications/JUCE/modules/juce_audio_processors/format_types/VST3_SDK",
					"../../JuceLibraryCode",
					"/Users/ptumulty/Applications/JUCE/modules",
					"/Users/ptumulty/Applications/JUCE/modules/juce_audio_plugin_client",
				);
				PRODUCT_BUNDLE_IDENTIFIER = com.PTR4K.Conjure;
				PRODUCT_NAME = "Conjure";
				SKIP_INSTALL = YES;
				USE_HEADERMAP = NO;
				VALID_ARCHS = "i386 x86_64 arm64 arm64e";
			};
			name = Debug;
		};
		B0DFA0F39F2A007F0E545CF0 = {
			isa = XCBuildConfiguration;
			buildSettings = {
				CLANG_CXX_LANGUAGE_STANDARD = "c++14";
				CLANG_CXX_LIBRARY = "libc++";
				CLANG_LINK_OBJC_RUNTIME = NO;
				CODE_SIGN_IDENTITY = "";
				COMBINE_HIDPI_IMAGES = YES;
				CONFIGURATION_BUILD_DIR = "$(PROJECT_DIR)/build/$(CONFIGURATION)";
				DEAD_CODE_STRIPPING = YES;
				GCC_GENERATE_DEBUGGING_SYMBOLS = NO;
				GCC_OPTIMIZATION_LEVEL = 3;
				GCC_PREPROCESSOR_DEFINITIONS = (
					"_NDEBUG=1",
					"NDEBUG=1",
					"JUCE_DISPLAY_SPLASH_SCREEN=1",
					"JUCE_USE_DARK_SPLASH_SCREEN=1",
					"JUCE_PROJUCER_VERSION=0x60005",
					"JUCE_MODULE_AVAILABLE_juce_audio_basics=1",
					"JUCE_MODULE_AVAILABLE_juce_audio_devices=1",
					"JUCE_MODULE_AVAILABLE_juce_audio_formats=1",
					"JUCE_MODULE_AVAILABLE_juce_audio_plugin_client=1",
					"JUCE_MODULE_AVAILABLE_juce_audio_processors=1",
					"JUCE_MODULE_AVAILABLE_juce_audio_utils=1",
					"JUCE_MODULE_AVAILABLE_juce_core=1",
					"JUCE_MODULE_AVAILABLE_juce_data_structures=1",
					"JUCE_MODULE_AVAILABLE_juce_events=1",
					"JUCE_MODULE_AVAILABLE_juce_graphics=1",
					"JUCE_MODULE_AVAILABLE_juce_gui_basics=1",
					"JUCE_MODULE_AVAILABLE_juce_gui_extra=1",
					"JUCE_GLOBAL_MODULE_SETTINGS_INCLUDED=1",
					"JUCE_VST3_CAN_REPLACE_VST2=0",
					"JUCE_STRICT_REFCOUNTEDPOINTER=1",
					"JucePlugin_Build_VST=0",
					"JucePlugin_Build_VST3=1",
					"JucePlugin_Build_AU=1",
					"JucePlugin_Build_AUv3=0",
					"JucePlugin_Build_RTAS=0",
					"JucePlugin_Build_AAX=0",
					"JucePlugin_Build_Standalone=1",
					"JucePlugin_Build_Unity=0",
					"JucePlugin_Enable_IAA=0",
					"JucePlugin_Name=\\\"Conjure\\\"",
					"JucePlugin_Desc=\\\"Conjure\\\"",
					"JucePlugin_Manufacturer=\\\"P-TR4K\\\"",
					"JucePlugin_ManufacturerWebsite=\\\"\\\"",
					"JucePlugin_ManufacturerEmail=\\\"ptumulty1@gmail.com\\\"",
					"JucePlugin_ManufacturerCode=0x4d616e75",
					"JucePlugin_PluginCode=0x416f6d78",
					"JucePlugin_IsSynth=0",
					"JucePlugin_WantsMidiInput=0",
					"JucePlugin_ProducesMidiOutput=1",
					"JucePlugin_IsMidiEffect=1",
					"JucePlugin_EditorRequiresKeyboardFocus=0",
					"JucePlugin_Version=1.0.0",
					"JucePlugin_VersionCode=0x10000",
					"JucePlugin_VersionString=\\\"1.0.0\\\"",
					"JucePlugin_VSTUniqueID=JucePlugin_PluginCode",
					"JucePlugin_VSTCategory=kPlugCategEffect",
					"JucePlugin_Vst3Category=\\\"Instrument\\\"",
					"JucePlugin_AUMainType='aumi'",
					"JucePlugin_AUSubType=JucePlugin_PluginCode",
					"JucePlugin_AUExportPrefix=ConjureAU",
					"JucePlugin_AUExportPrefixQuoted=\\\"ConjureAU\\\"",
					"JucePlugin_AUManufacturerCode=JucePlugin_ManufacturerCode",
					"JucePlugin_CFBundleIdentifier=com.PTR4K.Conjure",
					"JucePlugin_RTASCategory=0",
					"JucePlugin_RTASManufacturerCode=JucePlugin_ManufacturerCode",
					"JucePlugin_RTASProductId=JucePlugin_PluginCode",
					"JucePlugin_RTASDisableBypass=0",
					"JucePlugin_RTASDisableMultiMono=0",
					"JucePlugin_AAXIdentifier=com.PTR4K.Conjure",
					"JucePlugin_AAXManufacturerCode=JucePlugin_ManufacturerCode",
					"JucePlugin_AAXProductId=JucePlugin_PluginCode",
					"JucePlugin_AAXCategory=0",
					"JucePlugin_AAXDisableBypass=0",
					"JucePlugin_AAXDisableMultiMono=0",
					"JucePlugin_IAAType=0x61757278",
					"JucePlugin_IAASubType=JucePlugin_PluginCode",
					"JucePlugin_IAAName=\\\"P-TR4K:\\ Conjure\\\"",
					"JucePlugin_VSTNumMidiInputs=16",
					"JucePlugin_VSTNumMidiOutputs=16",
					"JUCE_STANDALONE_APPLICATION=JucePlugin_Build_Standalone",
					"JUCER_XCODE_MAC_F6D2F4CF=1",
					"JUCE_APP_VERSION=1.0.0",
					"JUCE_APP_VERSION_HEX=0x10000",
					"JUCE_SHARED_CODE=1",
				);
				GCC_VERSION = com.apple.compilers.llvm.clang.1_0;
				HEADER_SEARCH_PATHS = (
					"/Users/ptumulty/Applications/JUCE/modules/juce_audio_processors/format_types/VST3_SDK",
					"../../JuceLibraryCode",
					"/Users/ptumulty/Applications/JUCE/modules",
					"/Users/ptumulty/Applications/JUCE/modules/juce_audio_plugin_client",
					"$(inherited)",
				);
				INSTALL_PATH = "@executable_path/../Frameworks";
				LLVM_LTO = YES;
				MACOSX_DEPLOYMENT_TARGET = 10.11;
				MTL_HEADER_SEARCH_PATHS = (
					"/Users/ptumulty/Applications/JUCE/modules/juce_audio_processors/format_types/VST3_SDK",
					"../../JuceLibraryCode",
					"/Users/ptumulty/Applications/JUCE/modules",
					"/Users/ptumulty/Applications/JUCE/modules/juce_audio_plugin_client",
				);
				PRODUCT_BUNDLE_IDENTIFIER = com.PTR4K.Conjure;
				PRODUCT_NAME = "Conjure";
				SKIP_INSTALL = YES;
				USE_HEADERMAP = NO;
				VALID_ARCHS = "i386 x86_64 arm64 arm64e";
			};
			name = Release;
		};
		1E8796471BBC4B977850E4E1 = {
			isa = XCBuildConfiguration;
			buildSettings = {
				ALWAYS_SEARCH_USER_PATHS = NO;
				CLANG_ENABLE_OBJC_WEAK = YES;
				CLANG_WARN_BLOCK_CAPTURE_AUTORELEASING = YES;
				CLANG_WARN_BOOL_CONVERSION = YES;
				CLANG_WARN_COMMA = YES;
				CLANG_WARN_CONSTANT_CONVERSION = YES;
				CLANG_WARN_DEPRECATED_OBJC_IMPLEMENTATIONS = YES;
				CLANG_WARN_EMPTY_BODY = YES;
				CLANG_WARN_ENUM_CONVERSION = YES;
				CLANG_WARN_INFINITE_RECURSION = YES;
				CLANG_WARN_INT_CONVERSION = YES;
				CLANG_WARN_NON_LITERAL_NULL_CONVERSION = YES;
				CLANG_WARN_OBJC_IMPLICIT_RETAIN_SELF = YES;
				CLANG_WARN_OBJC_LITERAL_CONVERSION = YES;
				CLANG_WARN_RANGE_LOOP_ANALYSIS = YES;
				CLANG_WARN_STRICT_PROTOTYPES = YES;
				CLANG_WARN_SUSPICIOUS_MOVE = YES;
				CLANG_WARN_UNREACHABLE_CODE = YES;
				CLANG_WARN__DUPLICATE_METHOD_MATCH = YES;
				CODE_SIGN_IDENTITY = "";
				DEBUG_INFORMATION_FORMAT = dwarf;
				ENABLE_STRICT_OBJC_MSGSEND = YES;
				ENABLE_TESTABILITY = NO;
				GCC_C_LANGUAGE_STANDARD = c11;
				GCC_INLINES_ARE_PRIVATE_EXTERN = YES;
				GCC_MODEL_TUNING = G5;
				GCC_NO_COMMON_BLOCKS = YES;
				GCC_SYMBOLS_PRIVATE_EXTERN = YES;
				GCC_WARN_64_TO_32_BIT_CONVERSION = YES;
				GCC_WARN_ABOUT_RETURN_TYPE = YES;
				GCC_WARN_CHECK_SWITCH_STATEMENTS = YES;
				GCC_WARN_MISSING_PARENTHESES = YES;
				GCC_WARN_NON_VIRTUAL_DESTRUCTOR = YES;
				GCC_WARN_TYPECHECK_CALLS_TO_PRINTF = YES;
				GCC_WARN_UNDECLARED_SELECTOR = YES;
				GCC_WARN_UNINITIALIZED_AUTOS = YES;
				GCC_WARN_UNUSED_FUNCTION = YES;
				GCC_WARN_UNUSED_VARIABLE = YES;
				ONLY_ACTIVE_ARCH = YES;
				PRODUCT_NAME = "Conjure";
				SDKROOT = macosx;
				WARNING_CFLAGS = "-Wreorder";
				ZERO_LINK = NO;
			};
			name = Debug;
		};
		DE5C45B2CF350D6F63FFAAA9 = {
			isa = XCBuildConfiguration;
			buildSettings = {
				ALWAYS_SEARCH_USER_PATHS = NO;
				CLANG_ENABLE_OBJC_WEAK = YES;
				CLANG_WARN_BLOCK_CAPTURE_AUTORELEASING = YES;
				CLANG_WARN_BOOL_CONVERSION = YES;
				CLANG_WARN_COMMA = YES;
				CLANG_WARN_CONSTANT_CONVERSION = YES;
				CLANG_WARN_DEPRECATED_OBJC_IMPLEMENTATIONS = YES;
				CLANG_WARN_EMPTY_BODY = YES;
				CLANG_WARN_ENUM_CONVERSION = YES;
				CLANG_WARN_INFINITE_RECURSION = YES;
				CLANG_WARN_INT_CONVERSION = YES;
				CLANG_WARN_NON_LITERAL_NULL_CONVERSION = YES;
				CLANG_WARN_OBJC_IMPLICIT_RETAIN_SELF = YES;
				CLANG_WARN_OBJC_LITERAL_CONVERSION = YES;
				CLANG_WARN_RANGE_LOOP_ANALYSIS = YES;
				CLANG_WARN_STRICT_PROTOTYPES = YES;
				CLANG_WARN_SUSPICIOUS_MOVE = YES;
				CLANG_WARN_UNREACHABLE_CODE = YES;
				CLANG_WARN__DUPLICATE_METHOD_MATCH = YES;
				CODE_SIGN_IDENTITY = "";
				DEBUG_INFORMATION_FORMAT = dwarf;
				ENABLE_STRICT_OBJC_MSGSEND = YES;
				ENABLE_TESTABILITY = NO;
				GCC_C_LANGUAGE_STANDARD = c11;
				GCC_INLINES_ARE_PRIVATE_EXTERN = YES;
				GCC_MODEL_TUNING = G5;
				GCC_NO_COMMON_BLOCKS = YES;
				GCC_SYMBOLS_PRIVATE_EXTERN = YES;
				GCC_WARN_64_TO_32_BIT_CONVERSION = YES;
				GCC_WARN_ABOUT_RETURN_TYPE = YES;
				GCC_WARN_CHECK_SWITCH_STATEMENTS = YES;
				GCC_WARN_MISSING_PARENTHESES = YES;
				GCC_WARN_NON_VIRTUAL_DESTRUCTOR = YES;
				GCC_WARN_TYPECHECK_CALLS_TO_PRINTF = YES;
				GCC_WARN_UNDECLARED_SELECTOR = YES;
				GCC_WARN_UNINITIALIZED_AUTOS = YES;
				GCC_WARN_UNUSED_FUNCTION = YES;
				GCC_WARN_UNUSED_VARIABLE = YES;
				PRODUCT_NAME = "Conjure";
				SDKROOT = macosx;
				WARNING_CFLAGS = "-Wreorder";
				ZERO_LINK = NO;
			};
			name = Release;
		};
		482CB1E550216C2785D39623 = {
			isa = XCConfigurationList;
			buildConfigurations = (
				1E8796471BBC4B977850E4E1,
				DE5C45B2CF350D6F63FFAAA9,
			);
			defaultConfigurationIsVisible = 0;
			defaultConfigurationName = Debug;
		};
		3444FC935EE58B925764243E = {
			isa = XCConfigurationList;
			buildConfigurations = (
				9CC73995F12F40E606315C67,
				401A24F33ACDE5E235031979,
			);
			defaultConfigurationIsVisible = 0;
			defaultConfigurationName = Debug;
		};
		F388DB8A635D84ECF2EF92AF = {
			isa = PBXAggregateTarget;
			buildConfigurationList = 3444FC935EE58B925764243E;
			buildPhases = ( );
			buildRules = ( );
			dependencies = (
				300EEA43C979E4748D89088D,
				FE057B5CD127E714CE6B45F1,
				63913875DDADF09F40A80A70,
				1F6FF2330F42C3A47F5C1704,
			);
			name = "Conjure - All";
			productName = Conjure;
		};
		56ECCC85BFA6E87D117B3A40 = {
			isa = XCConfigurationList;
			buildConfigurations = (
				14D3B3A5EA10116F987572E3,
				F10A07BE3D1F8BD268384195,
			);
			defaultConfigurationIsVisible = 0;
			defaultConfigurationName = Debug;
		};
		EB58253C1C722210B1D27396 = {
			isa = PBXResourcesBuildPhase;
			buildActionMask = 2147483647;
			files = (
				3A6FFEAB3A0732ACF8579D04,
			);
			runOnlyForDeploymentPostprocessing = 0;
		};
		C629CEDF8C50138390A7E1E7 = {
			isa = PBXSourcesBuildPhase;
			buildActionMask = 2147483647;
			files = (
				E1A93D8FD3B2E7AC6984FA81,
			);
			runOnlyForDeploymentPostprocessing = 0;
		};
		3D37FBAF7DA49DA070F21184 = {
			isa = PBXFrameworksBuildPhase;
			buildActionMask = 2147483647;
			files = (
				CD3234C0FE3B695AD8DE2BBB,
				8658F4C1949DEA19D1402634,
				18667270B9F730BEBE25A4C9,
				E89E4206942716A18BFAE5F9,
				D5E5F41CF05787822BF41E47,
				8E80209CA4CA77D33FD56DB8,
				21876F461105470402843DA6,
				9DB2CF0FD4ACAC3AA5161A90,
				02CA477DB8FEF989939CB9C0,
				40737F32E2B38EBD05F8A222,
				B152135B920E112AA779EB0F,
				5DCEF7D9750F0E4387194143,
			);
			runOnlyForDeploymentPostprocessing = 0;
		};
		894ED452852858DDA4E1948A = {
			isa = PBXNativeTarget;
			buildConfigurationList = 56ECCC85BFA6E87D117B3A40;
			buildPhases = (
				EB58253C1C722210B1D27396,
				C629CEDF8C50138390A7E1E7,
				3D37FBAF7DA49DA070F21184,
			);
			buildRules = ( );
			dependencies = (
				0D52274BE1AF7549FACB6FE5,
			);
			name = "Conjure - VST3";
			productName = Conjure;
			productReference = 687DECDED891B36962ED5AE2;
			productType = "com.apple.product-type.bundle";
		};
		36A8FEE801CA9CA1C82C3AFC = {
			isa = XCConfigurationList;
			buildConfigurations = (
				386171B60A45592C59B4EE01,
				9B1ECBD209290D051A7849AD,
			);
			defaultConfigurationIsVisible = 0;
			defaultConfigurationName = Debug;
		};
		C52B8904DD7AE7E2B70D0C58 = {
			isa = PBXResourcesBuildPhase;
			buildActionMask = 2147483647;
			files = (
				3A6FFEAB3A0732ACF8579D04,
			);
			runOnlyForDeploymentPostprocessing = 0;
		};
		6046969D697237F64625B728 = {
			isa = PBXRezBuildPhase;
			buildActionMask = 2147483647;
			files = (
				83BE56642CA6C4543B80D8E2,
			);
			runOnlyForDeploymentPostprocessing = 0;
		};
		DD643199C5E66CA367F9155E = {
			isa = PBXSourcesBuildPhase;
			buildActionMask = 2147483647;
			files = (
				26717396EAAD1CA9C272E6DA,
				ACD6E23DCC6ED84671FD162E,
			);
			runOnlyForDeploymentPostprocessing = 0;
		};
		EB007A6FB77FD698B5B64A21 = {
			isa = PBXFrameworksBuildPhase;
			buildActionMask = 2147483647;
			files = (
				B97518B608CF0836BF15AC93,
				CD3234C0FE3B695AD8DE2BBB,
				8658F4C1949DEA19D1402634,
				18667270B9F730BEBE25A4C9,
				E89E4206942716A18BFAE5F9,
				D5E5F41CF05787822BF41E47,
				8E80209CA4CA77D33FD56DB8,
				21876F461105470402843DA6,
				9DB2CF0FD4ACAC3AA5161A90,
				02CA477DB8FEF989939CB9C0,
				40737F32E2B38EBD05F8A222,
				B152135B920E112AA779EB0F,
				5DCEF7D9750F0E4387194143,
			);
			runOnlyForDeploymentPostprocessing = 0;
		};
		DB6817A33841C2CF91AF1877 = {
			isa = PBXNativeTarget;
			buildConfigurationList = 36A8FEE801CA9CA1C82C3AFC;
			buildPhases = (
				C52B8904DD7AE7E2B70D0C58,
				6046969D697237F64625B728,
				DD643199C5E66CA367F9155E,
				EB007A6FB77FD698B5B64A21,
			);
			buildRules = ( );
			dependencies = (
				25BADBD5AAE87C3E286760B1,
			);
			name = "Conjure - AU";
			productName = Conjure;
			productReference = EA520AC49959793ADACC3194;
			productType = "com.apple.product-type.bundle";
		};
		C4558D2E9D3DD7759A87E98C = {
			isa = XCConfigurationList;
			buildConfigurations = (
				F4641C735BA32E748A6E26E9,
				B6FE42133A57A07C1C246324,
			);
			defaultConfigurationIsVisible = 0;
			defaultConfigurationName = Debug;
		};
		0C94A8EE09320F293ADB026A = {
			isa = PBXResourcesBuildPhase;
			buildActionMask = 2147483647;
			files = (
				3A6FFEAB3A0732ACF8579D04,
			);
			runOnlyForDeploymentPostprocessing = 0;
		};
		0E3FEE35606D186C125F6366 = {
			isa = PBXSourcesBuildPhase;
			buildActionMask = 2147483647;
			files = (
				D4B2840081C3AAB8D4AF7E9F,
			);
			runOnlyForDeploymentPostprocessing = 0;
		};
		643A0258F7BD63915BE62FF8 = {
			isa = PBXFrameworksBuildPhase;
			buildActionMask = 2147483647;
			files = (
				CD3234C0FE3B695AD8DE2BBB,
				8658F4C1949DEA19D1402634,
				18667270B9F730BEBE25A4C9,
				E89E4206942716A18BFAE5F9,
				D5E5F41CF05787822BF41E47,
				8E80209CA4CA77D33FD56DB8,
				21876F461105470402843DA6,
				9DB2CF0FD4ACAC3AA5161A90,
				02CA477DB8FEF989939CB9C0,
				40737F32E2B38EBD05F8A222,
				B152135B920E112AA779EB0F,
				5DCEF7D9750F0E4387194143,
			);
			runOnlyForDeploymentPostprocessing = 0;
		};
		4ADFD3C88571D3B347DAAE10 = {
			isa = PBXNativeTarget;
			buildConfigurationList = C4558D2E9D3DD7759A87E98C;
			buildPhases = (
				0C94A8EE09320F293ADB026A,
				0E3FEE35606D186C125F6366,
				643A0258F7BD63915BE62FF8,
			);
			buildRules = ( );
			dependencies = (
				466D146802B06C8151B42298,
			);
			name = "Conjure - Standalone Plugin";
			productName = Conjure;
			productReference = 97895BF032EEDABEA43B2C1A;
			productType = "com.apple.product-type.application";
		};
		FCD8113630C2DC73FF93BAB6 = {
			isa = XCConfigurationList;
			buildConfigurations = (
				9317B00CD8C89F1789C11966,
				B0DFA0F39F2A007F0E545CF0,
			);
			defaultConfigurationIsVisible = 0;
			defaultConfigurationName = Debug;
		};
		0954DC146AF0BFC46622412F = {
			isa = PBXSourcesBuildPhase;
			buildActionMask = 2147483647;
			files = (
				6F3655984EDA8EE906C1B9DE,
				BF29E5C91D3230458F6448CE,
				2D158060A9F196E0F3659196,
				EAB8A66ADD294FEB73F67E7F,
				9B11894CA10069F02E2A5838,
				9AB8F960FAED5A8E9045D76A,
				063DB9739729CDF44DFAF06F,
				70A2205A36171096B61F3340,
				1843C131D9106BEB31FA5034,
				7BAFA7E193C8210B85AFB6D4,
				F72A1B6A09617646F3941743,
				D47B974D8EB5B1AF8220F2C7,
				8D2CD05B3AB1991DA0E51082,
				279E8C46DAB28E4E67794ACC,
				FEBBCFAD20AA3F353D60FC40,
				87A831AF4E937B00B56A2AA7,
				6533D5DDAA405307CFA8D0A4,
				1ADC248A91D170D3425E6E81,
				7BD85DEA76FAE6C785001DED,
				97D2E53D811260E6EBF4F695,
			);
			runOnlyForDeploymentPostprocessing = 0;
		};
		7E3E5B4C476C15855FB6C130 = {
			isa = PBXNativeTarget;
			buildConfigurationList = FCD8113630C2DC73FF93BAB6;
			buildPhases = (
				0954DC146AF0BFC46622412F,
			);
			buildRules = ( );
			dependencies = ( );
			name = "Conjure - Shared Code";
			productName = Conjure;
			productReference = 1598CC54D763F8344BFE76FD;
			productType = "com.apple.product-type.library.static";
		};
		30DE83155618BF6B5EF580BD = {
			isa = PBXProject;
			buildConfigurationList = 482CB1E550216C2785D39623;
			attributes = { LastUpgradeCheck = 1200; ORGANIZATIONNAME = "P-TR4K"; TargetAttributes = { F388DB8A635D84ECF2EF92AF = { SystemCapabilities = {com.apple.ApplicationGroups.iOS = { enabled = 0; }; com.apple.InAppPurchase = { enabled = 0; }; com.apple.InterAppAudio = { enabled = 0; }; com.apple.Push = { enabled = 0; }; com.apple.Sandbox = { enabled = 0; }; com.apple.HardenedRuntime = { enabled = 0; }; }; };894ED452852858DDA4E1948A = { SystemCapabilities = {com.apple.ApplicationGroups.iOS = { enabled = 0; }; com.apple.InAppPurchase = { enabled = 0; }; com.apple.InterAppAudio = { enabled = 0; }; com.apple.Push = { enabled = 0; }; com.apple.Sandbox = { enabled = 0; }; com.apple.HardenedRuntime = { enabled = 0; }; }; };DB6817A33841C2CF91AF1877 = { SystemCapabilities = {com.apple.ApplicationGroups.iOS = { enabled = 0; }; com.apple.InAppPurchase = { enabled = 0; }; com.apple.InterAppAudio = { enabled = 0; }; com.apple.Push = { enabled = 0; }; com.apple.Sandbox = { enabled = 0; }; com.apple.HardenedRuntime = { enabled = 0; }; }; };4ADFD3C88571D3B347DAAE10 = { SystemCapabilities = {com.apple.ApplicationGroups.iOS = { enabled = 0; }; com.apple.InAppPurchase = { enabled = 0; }; com.apple.InterAppAudio = { enabled = 0; }; com.apple.Push = { enabled = 0; }; com.apple.Sandbox = { enabled = 0; }; com.apple.HardenedRuntime = { enabled = 0; }; }; };7E3E5B4C476C15855FB6C130 = { SystemCapabilities = {com.apple.ApplicationGroups.iOS = { enabled = 0; }; com.apple.InAppPurchase = { enabled = 0; }; com.apple.InterAppAudio = { enabled = 0; }; com.apple.Push = { enabled = 0; }; com.apple.Sandbox = { enabled = 0; }; com.apple.HardenedRuntime = { enabled = 0; }; }; }; }; };
			compatibilityVersion = "Xcode 3.2";
			hasScannedForEncodings = 0;
			mainGroup = CD856C1493399D492EB28BCE;
			projectDirPath = "";
			projectRoot = "";
			targets = (F388DB8A635D84ECF2EF92AF, 894ED452852858DDA4E1948A, DB6817A33841C2CF91AF1877, 4ADFD3C88571D3B347DAAE10, 7E3E5B4C476C15855FB6C130);
			knownRegions = (en, Base);
		};
	};
	rootObject = 30DE83155618BF6B5EF580BD;
}
